
Microsoft Visual Studio Solution File, Format Version 12.00
# Visual Studio Version 17
VisualStudioVersion = 17.0.31825.309
MinimumVisualStudioVersion = 12.0.31101.0
Project("{2150E333-8FDC-42A3-9474-1A3956D46DE8}") = "project", "project", "{194BD478-0DB5-44F3-A6C2-1FC75D3F3294}"
	ProjectSection(SolutionItems) = preProject
		.dockerignore = .dockerignore
		.editorconfig = .editorconfig
		.gitignore = .gitignore
		build.cmd = build.cmd
		build.fsx = build.fsx
		build.sh = build.sh
		Directory.Build.props = Directory.Build.props
		docker-build.sh = docker-build.sh
		Dockerfile = Dockerfile
		.config\dotnet-tools.json = .config\dotnet-tools.json
		global.json = global.json
		paket.dependencies = paket.dependencies
		paket.lock = paket.lock
		README.md = README.md
		RELEASE_NOTES.md = RELEASE_NOTES.md
	EndProjectSection
EndProject
Project("{2150E333-8FDC-42A3-9474-1A3956D46DE8}") = "docs", "docs", "{312E452A-1068-4804-89E7-0AFBAD5F885F}"
	ProjectSection(SolutionItems) = preProject
		docs\_template.html = docs\_template.html
		docs\apidocs.fsx = docs\apidocs.fsx
		docs\codeformat.fsx = docs\codeformat.fsx
		docs\commandline.md = docs\commandline.md
		docs\content.fsx = docs\content.fsx
		docs\evaluation.fsx = docs\evaluation.fsx
		docs\index.md = docs\index.md
		docs\literate.fsx = docs\literate.fsx
		docs\markdown.fsx = docs\markdown.fsx
		docs\styling.md = docs\styling.md
		docs\upgrade.md = docs\upgrade.md
	EndProjectSection
EndProject
Project("{2150E333-8FDC-42A3-9474-1A3956D46DE8}") = "templates", "templates", "{D0550510-0DCE-4B40-B4FB-091668E1C5FD}"
EndProject
Project("{2150E333-8FDC-42A3-9474-1A3956D46DE8}") = "reference", "reference", "{917A4F64-8304-4228-B29A-E2FB474B761B}"
	ProjectSection(SolutionItems) = preProject
		misc\templates\reference\module.cshtml = misc\templates\reference\module.cshtml
		misc\templates\reference\namespaces.cshtml = misc\templates\reference\namespaces.cshtml
		misc\templates\reference\part-members.cshtml = misc\templates\reference\part-members.cshtml
		misc\templates\reference\part-nested.cshtml = misc\templates\reference\part-nested.cshtml
		misc\templates\reference\type.cshtml = misc\templates\reference\type.cshtml
	EndProjectSection
EndProject
Project("{6EC3EE1D-3C4E-46DD-8F32-0CC8E7565705}") = "FSharp.Formatting.Markdown", "src\FSharp.Formatting.Markdown\FSharp.Formatting.Markdown.fsproj", "{C44C1C05-599A-40DD-9590-465EAB8960C5}"
EndProject
Project("{6EC3EE1D-3C4E-46DD-8F32-0CC8E7565705}") = "FSharp.Formatting.CodeFormat", "src\FSharp.Formatting.CodeFormat\FSharp.Formatting.CodeFormat.fsproj", "{341EBF32-D470-4C55-99E9-55F14F7FFBB1}"
EndProject
Project("{6EC3EE1D-3C4E-46DD-8F32-0CC8E7565705}") = "FSharp.Formatting.ApiDocs", "src\FSharp.Formatting.ApiDocs\FSharp.Formatting.ApiDocs.fsproj", "{BC4946BA-2724-4524-AC50-DFC49EE154A1}"
EndProject
Project("{6EC3EE1D-3C4E-46DD-8F32-0CC8E7565705}") = "FSharp.Formatting.Literate", "src\FSharp.Formatting.Literate\FSharp.Formatting.Literate.fsproj", "{65E6D541-0486-4383-B619-5CFC5D2BA2F0}"
EndProject
Project("{9A19103F-16F7-4668-BE54-9A1E7A4F7556}") = "FSharp.Formatting.CSharpFormat", "src\FSharp.Formatting.CSharpFormat\FSharp.Formatting.CSharpFormat.csproj", "{9AB3650B-CC24-4404-A175-A573DA928475}"
EndProject
Project("{6EC3EE1D-3C4E-46DD-8F32-0CC8E7565705}") = "fsdocs-tool", "src\fsdocs-tool\fsdocs-tool.fsproj", "{D30F7F2B-A4E3-4A07-A1BD-ED3EB21768F8}"
EndProject
Project("{2150E333-8FDC-42A3-9474-1A3956D46DE8}") = "test", "test", "{8D44B659-E9F7-4CE4-B5DA-D37CDDCD2525}"
	ProjectSection(SolutionItems) = preProject
		tests\commonmark_spec.json = tests\commonmark_spec.json
	EndProjectSection
EndProject
Project("{6EC3EE1D-3C4E-46DD-8F32-0CC8E7565705}") = "FSharp.CodeFormat.Tests", "tests\FSharp.CodeFormat.Tests\FSharp.CodeFormat.Tests.fsproj", "{5DEBD769-D86E-4E14-ABF1-373CA91BFAA2}"
EndProject
Project("{6EC3EE1D-3C4E-46DD-8F32-0CC8E7565705}") = "FSharp.Literate.Tests", "tests\FSharp.Literate.Tests\FSharp.Literate.Tests.fsproj", "{C22A18AB-6C54-48B4-AAC5-892499E93D4D}"
EndProject
Project("{6EC3EE1D-3C4E-46DD-8F32-0CC8E7565705}") = "FSharp.Markdown.Tests", "tests\FSharp.Markdown.Tests\FSharp.Markdown.Tests.fsproj", "{07DE4905-050C-4378-A039-F1EF7E1F309D}"
EndProject
Project("{6EC3EE1D-3C4E-46DD-8F32-0CC8E7565705}") = "FSharp.ApiDocs.Tests", "tests\FSharp.ApiDocs.Tests\FSharp.ApiDocs.Tests.fsproj", "{D2EC3D6A-35C0-4445-A9CB-AA18B12B6350}"
EndProject
Project("{2150E333-8FDC-42A3-9474-1A3956D46DE8}") = "TestProjects", "TestProjects", "{4AE0198D-EDE5-40B0-A5CD-FC7B6F891D94}"
EndProject
Project("{6EC3EE1D-3C4E-46DD-8F32-0CC8E7565705}") = "FsLib1", "tests\FSharp.ApiDocs.Tests\files\FsLib1\FsLib1.fsproj", "{AD192375-D530-40FB-A4E9-380C74CBB771}"
EndProject
Project("{6EC3EE1D-3C4E-46DD-8F32-0CC8E7565705}") = "FsLib2", "tests\FSharp.ApiDocs.Tests\files\FsLib2\FsLib2.fsproj", "{768FD0E0-5CF7-4AF0-98C9-4B848F9AFB62}"
EndProject
Project("{6EC3EE1D-3C4E-46DD-8F32-0CC8E7565705}") = "TestLib1", "tests\FSharp.ApiDocs.Tests\files\TestLib1\TestLib1.fsproj", "{86326769-3D0B-423F-AD28-A194B34318D6}"
EndProject
Project("{6EC3EE1D-3C4E-46DD-8F32-0CC8E7565705}") = "TestLib2", "tests\FSharp.ApiDocs.Tests\files\TestLib2\TestLib2.fsproj", "{48EFFECF-ECB0-4DF3-A704-B56AB07557BF}"
EndProject
Project("{9A19103F-16F7-4668-BE54-9A1E7A4F7556}") = "csharpSupport", "tests\FSharp.ApiDocs.Tests\files\csharpSupport\csharpSupport.csproj", "{DA7BA2FA-447E-41F3-88D9-00CF3E052E2C}"
EndProject
Project("{6EC3EE1D-3C4E-46DD-8F32-0CC8E7565705}") = "crefLib1", "tests\FSharp.ApiDocs.Tests\files\crefLib1\crefLib1.fsproj", "{A0C8DD00-BD08-48D6-B257-5A838E5DA819}"
EndProject
Project("{6EC3EE1D-3C4E-46DD-8F32-0CC8E7565705}") = "crefLib2", "tests\FSharp.ApiDocs.Tests\files\crefLib2\crefLib2.fsproj", "{55728B9D-1EDE-4A40-B439-1EB0B3F77B72}"
EndProject
Project("{9A19103F-16F7-4668-BE54-9A1E7A4F7556}") = "crefLib3", "tests\FSharp.ApiDocs.Tests\files\crefLib3\crefLib3.csproj", "{08029B28-A5EA-42DB-AB4E-9C6BA9EF9441}"
EndProject
Project("{9A19103F-16F7-4668-BE54-9A1E7A4F7556}") = "crefLib4", "tests\FSharp.ApiDocs.Tests\files\crefLib4\crefLib4.csproj", "{98624699-1B2F-4636-A3F7-EC72343CB2FD}"
EndProject
Project("{6EC3EE1D-3C4E-46DD-8F32-0CC8E7565705}") = "FSharp.Formatting.Common", "src\FSharp.Formatting.Common\FSharp.Formatting.Common.fsproj", "{91BAD90E-BF3B-4646-A1A7-1568F8F25075}"
EndProject
Project("{6EC3EE1D-3C4E-46DD-8F32-0CC8E7565705}") = "FSharp.Formatting.TestHelpers", "tests\FSharp.Formatting.TestHelpers\FSharp.Formatting.TestHelpers.fsproj", "{0B552F94-33FE-4037-9C17-1EB2A885F263}"
EndProject
Project("{6EC3EE1D-3C4E-46DD-8F32-0CC8E7565705}") = "AttributesTestLib", "tests\FSharp.ApiDocs.Tests\files\AttributesTestLib\AttributesTestLib.fsproj", "{B266D118-15AE-4BE6-809E-E9E30CE5C62F}"
EndProject
Project("{2150E333-8FDC-42A3-9474-1A3956D46DE8}") = "src", "src", "{4089E333-3857-4771-B209-5673EF4EEDA3}"
EndProject
Project("{6EC3EE1D-3C4E-46DD-8F32-0CC8E7565705}") = "FSharp.Formatting", "src\FSharp.Formatting\FSharp.Formatting.fsproj", "{CB78F0EA-8005-4735-A02C-B86CEDC29D85}"
EndProject
Project("{2150E333-8FDC-42A3-9474-1A3956D46DE8}") = "sidebyside", "sidebyside", "{C3E359B5-DB2D-4AA4-A08C-77BAA0E94D21}"
	ProjectSection(SolutionItems) = preProject
		docs\templates\leftside\_template.html = docs\templates\leftside\_template.html
		docs\sidebyside\sideextensions.md = docs\sidebyside\sideextensions.md
		docs\sidebyside\sidemarkdown.md = docs\sidebyside\sidemarkdown.md
		docs\sidebyside\sidescript.fsx = docs\sidebyside\sidescript.fsx
	EndProjectSection
EndProject
Project("{2150E333-8FDC-42A3-9474-1A3956D46DE8}") = "templates", "templates", "{C7804F57-7FC6-4CF6-BDF6-127D6F9EBEA6}"
EndProject
Project("{2150E333-8FDC-42A3-9474-1A3956D46DE8}") = "leftside", "leftside", "{188DC91F-2202-4495-ACD2-542D7C30364E}"
	ProjectSection(SolutionItems) = preProject
		docs\templates\leftside\_template.html = docs\templates\leftside\_template.html
		docs\templates\leftside\styling.md = docs\templates\leftside\styling.md
	EndProjectSection
EndProject
Project("{2150E333-8FDC-42A3-9474-1A3956D46DE8}") = "content", "content", "{FAD5C374-4748-4A3D-A435-FFA425916F3A}"
	ProjectSection(SolutionItems) = preProject
		docs\content\fsdocs-custom.css = docs\content\fsdocs-custom.css
		docs\content\fsdocs-default.css = docs\content\fsdocs-default.css
		docs\content\fsdocs-search.js = docs\content\fsdocs-search.js
		docs\content\fsdocs-tips.js = docs\content\fsdocs-tips.js
		docs\content\navbar-fixed-left.css = docs\content\navbar-fixed-left.css
		docs\content\navbar-fixed-right.css = docs\content\navbar-fixed-right.css
	EndProjectSection
EndProject
Global
	GlobalSection(SolutionConfigurationPlatforms) = preSolution
		Debug|Any CPU = Debug|Any CPU
		Release|Any CPU = Release|Any CPU
	EndGlobalSection
	GlobalSection(ProjectConfigurationPlatforms) = postSolution
		{C44C1C05-599A-40DD-9590-465EAB8960C5}.Debug|Any CPU.ActiveCfg = Debug|Any CPU
		{C44C1C05-599A-40DD-9590-465EAB8960C5}.Debug|Any CPU.Build.0 = Debug|Any CPU
		{C44C1C05-599A-40DD-9590-465EAB8960C5}.Release|Any CPU.ActiveCfg = Release|Any CPU
		{C44C1C05-599A-40DD-9590-465EAB8960C5}.Release|Any CPU.Build.0 = Release|Any CPU
		{341EBF32-D470-4C55-99E9-55F14F7FFBB1}.Debug|Any CPU.ActiveCfg = Debug|Any CPU
		{341EBF32-D470-4C55-99E9-55F14F7FFBB1}.Debug|Any CPU.Build.0 = Debug|Any CPU
		{341EBF32-D470-4C55-99E9-55F14F7FFBB1}.Release|Any CPU.ActiveCfg = Release|Any CPU
		{341EBF32-D470-4C55-99E9-55F14F7FFBB1}.Release|Any CPU.Build.0 = Release|Any CPU
		{BC4946BA-2724-4524-AC50-DFC49EE154A1}.Debug|Any CPU.ActiveCfg = Debug|Any CPU
		{BC4946BA-2724-4524-AC50-DFC49EE154A1}.Debug|Any CPU.Build.0 = Debug|Any CPU
		{BC4946BA-2724-4524-AC50-DFC49EE154A1}.Release|Any CPU.ActiveCfg = Release|Any CPU
		{BC4946BA-2724-4524-AC50-DFC49EE154A1}.Release|Any CPU.Build.0 = Release|Any CPU
		{65E6D541-0486-4383-B619-5CFC5D2BA2F0}.Debug|Any CPU.ActiveCfg = Debug|Any CPU
		{65E6D541-0486-4383-B619-5CFC5D2BA2F0}.Debug|Any CPU.Build.0 = Debug|Any CPU
		{65E6D541-0486-4383-B619-5CFC5D2BA2F0}.Release|Any CPU.ActiveCfg = Release|Any CPU
		{65E6D541-0486-4383-B619-5CFC5D2BA2F0}.Release|Any CPU.Build.0 = Release|Any CPU
		{9AB3650B-CC24-4404-A175-A573DA928475}.Debug|Any CPU.ActiveCfg = Debug|Any CPU
		{9AB3650B-CC24-4404-A175-A573DA928475}.Debug|Any CPU.Build.0 = Debug|Any CPU
		{9AB3650B-CC24-4404-A175-A573DA928475}.Release|Any CPU.ActiveCfg = Release|Any CPU
		{9AB3650B-CC24-4404-A175-A573DA928475}.Release|Any CPU.Build.0 = Release|Any CPU
		{D30F7F2B-A4E3-4A07-A1BD-ED3EB21768F8}.Debug|Any CPU.ActiveCfg = Debug|Any CPU
		{D30F7F2B-A4E3-4A07-A1BD-ED3EB21768F8}.Debug|Any CPU.Build.0 = Debug|Any CPU
		{D30F7F2B-A4E3-4A07-A1BD-ED3EB21768F8}.Release|Any CPU.ActiveCfg = Release|Any CPU
		{D30F7F2B-A4E3-4A07-A1BD-ED3EB21768F8}.Release|Any CPU.Build.0 = Release|Any CPU
		{5DEBD769-D86E-4E14-ABF1-373CA91BFAA2}.Debug|Any CPU.ActiveCfg = Debug|Any CPU
		{5DEBD769-D86E-4E14-ABF1-373CA91BFAA2}.Debug|Any CPU.Build.0 = Debug|Any CPU
		{5DEBD769-D86E-4E14-ABF1-373CA91BFAA2}.Release|Any CPU.ActiveCfg = Release|Any CPU
		{5DEBD769-D86E-4E14-ABF1-373CA91BFAA2}.Release|Any CPU.Build.0 = Release|Any CPU
		{C22A18AB-6C54-48B4-AAC5-892499E93D4D}.Debug|Any CPU.ActiveCfg = Debug|Any CPU
		{C22A18AB-6C54-48B4-AAC5-892499E93D4D}.Debug|Any CPU.Build.0 = Debug|Any CPU
		{C22A18AB-6C54-48B4-AAC5-892499E93D4D}.Release|Any CPU.ActiveCfg = Release|Any CPU
		{C22A18AB-6C54-48B4-AAC5-892499E93D4D}.Release|Any CPU.Build.0 = Release|Any CPU
		{07DE4905-050C-4378-A039-F1EF7E1F309D}.Debug|Any CPU.ActiveCfg = Debug|Any CPU
		{07DE4905-050C-4378-A039-F1EF7E1F309D}.Debug|Any CPU.Build.0 = Debug|Any CPU
		{07DE4905-050C-4378-A039-F1EF7E1F309D}.Release|Any CPU.ActiveCfg = Release|Any CPU
		{07DE4905-050C-4378-A039-F1EF7E1F309D}.Release|Any CPU.Build.0 = Release|Any CPU
		{D2EC3D6A-35C0-4445-A9CB-AA18B12B6350}.Debug|Any CPU.ActiveCfg = Debug|Any CPU
		{D2EC3D6A-35C0-4445-A9CB-AA18B12B6350}.Debug|Any CPU.Build.0 = Debug|Any CPU
		{D2EC3D6A-35C0-4445-A9CB-AA18B12B6350}.Release|Any CPU.ActiveCfg = Release|Any CPU
		{D2EC3D6A-35C0-4445-A9CB-AA18B12B6350}.Release|Any CPU.Build.0 = Release|Any CPU
		{AD192375-D530-40FB-A4E9-380C74CBB771}.Debug|Any CPU.ActiveCfg = Debug|Any CPU
		{AD192375-D530-40FB-A4E9-380C74CBB771}.Debug|Any CPU.Build.0 = Debug|Any CPU
		{AD192375-D530-40FB-A4E9-380C74CBB771}.Release|Any CPU.ActiveCfg = Release|Any CPU
		{AD192375-D530-40FB-A4E9-380C74CBB771}.Release|Any CPU.Build.0 = Release|Any CPU
		{768FD0E0-5CF7-4AF0-98C9-4B848F9AFB62}.Debug|Any CPU.ActiveCfg = Debug|Any CPU
		{768FD0E0-5CF7-4AF0-98C9-4B848F9AFB62}.Debug|Any CPU.Build.0 = Debug|Any CPU
		{768FD0E0-5CF7-4AF0-98C9-4B848F9AFB62}.Release|Any CPU.ActiveCfg = Release|Any CPU
		{768FD0E0-5CF7-4AF0-98C9-4B848F9AFB62}.Release|Any CPU.Build.0 = Release|Any CPU
		{86326769-3D0B-423F-AD28-A194B34318D6}.Debug|Any CPU.ActiveCfg = Debug|Any CPU
		{86326769-3D0B-423F-AD28-A194B34318D6}.Debug|Any CPU.Build.0 = Debug|Any CPU
		{86326769-3D0B-423F-AD28-A194B34318D6}.Release|Any CPU.ActiveCfg = Release|Any CPU
		{86326769-3D0B-423F-AD28-A194B34318D6}.Release|Any CPU.Build.0 = Release|Any CPU
		{48EFFECF-ECB0-4DF3-A704-B56AB07557BF}.Debug|Any CPU.ActiveCfg = Debug|Any CPU
		{48EFFECF-ECB0-4DF3-A704-B56AB07557BF}.Debug|Any CPU.Build.0 = Debug|Any CPU
		{48EFFECF-ECB0-4DF3-A704-B56AB07557BF}.Release|Any CPU.ActiveCfg = Release|Any CPU
		{48EFFECF-ECB0-4DF3-A704-B56AB07557BF}.Release|Any CPU.Build.0 = Release|Any CPU
		{DA7BA2FA-447E-41F3-88D9-00CF3E052E2C}.Debug|Any CPU.ActiveCfg = Debug|Any CPU
		{DA7BA2FA-447E-41F3-88D9-00CF3E052E2C}.Debug|Any CPU.Build.0 = Debug|Any CPU
		{DA7BA2FA-447E-41F3-88D9-00CF3E052E2C}.Release|Any CPU.ActiveCfg = Release|Any CPU
		{DA7BA2FA-447E-41F3-88D9-00CF3E052E2C}.Release|Any CPU.Build.0 = Release|Any CPU
		{A0C8DD00-BD08-48D6-B257-5A838E5DA819}.Debug|Any CPU.ActiveCfg = Debug|Any CPU
		{A0C8DD00-BD08-48D6-B257-5A838E5DA819}.Debug|Any CPU.Build.0 = Debug|Any CPU
		{A0C8DD00-BD08-48D6-B257-5A838E5DA819}.Release|Any CPU.ActiveCfg = Release|Any CPU
		{A0C8DD00-BD08-48D6-B257-5A838E5DA819}.Release|Any CPU.Build.0 = Release|Any CPU
		{55728B9D-1EDE-4A40-B439-1EB0B3F77B72}.Debug|Any CPU.ActiveCfg = Debug|Any CPU
		{55728B9D-1EDE-4A40-B439-1EB0B3F77B72}.Debug|Any CPU.Build.0 = Debug|Any CPU
		{55728B9D-1EDE-4A40-B439-1EB0B3F77B72}.Release|Any CPU.ActiveCfg = Release|Any CPU
		{55728B9D-1EDE-4A40-B439-1EB0B3F77B72}.Release|Any CPU.Build.0 = Release|Any CPU
		{08029B28-A5EA-42DB-AB4E-9C6BA9EF9441}.Debug|Any CPU.ActiveCfg = Debug|Any CPU
		{08029B28-A5EA-42DB-AB4E-9C6BA9EF9441}.Debug|Any CPU.Build.0 = Debug|Any CPU
		{08029B28-A5EA-42DB-AB4E-9C6BA9EF9441}.Release|Any CPU.ActiveCfg = Release|Any CPU
		{08029B28-A5EA-42DB-AB4E-9C6BA9EF9441}.Release|Any CPU.Build.0 = Release|Any CPU
		{98624699-1B2F-4636-A3F7-EC72343CB2FD}.Debug|Any CPU.ActiveCfg = Debug|Any CPU
		{98624699-1B2F-4636-A3F7-EC72343CB2FD}.Debug|Any CPU.Build.0 = Debug|Any CPU
		{98624699-1B2F-4636-A3F7-EC72343CB2FD}.Release|Any CPU.ActiveCfg = Release|Any CPU
		{98624699-1B2F-4636-A3F7-EC72343CB2FD}.Release|Any CPU.Build.0 = Release|Any CPU
		{91BAD90E-BF3B-4646-A1A7-1568F8F25075}.Debug|Any CPU.ActiveCfg = Debug|Any CPU
		{91BAD90E-BF3B-4646-A1A7-1568F8F25075}.Debug|Any CPU.Build.0 = Debug|Any CPU
		{91BAD90E-BF3B-4646-A1A7-1568F8F25075}.Release|Any CPU.ActiveCfg = Release|Any CPU
		{91BAD90E-BF3B-4646-A1A7-1568F8F25075}.Release|Any CPU.Build.0 = Release|Any CPU
		{0B552F94-33FE-4037-9C17-1EB2A885F263}.Debug|Any CPU.ActiveCfg = Debug|Any CPU
		{0B552F94-33FE-4037-9C17-1EB2A885F263}.Debug|Any CPU.Build.0 = Debug|Any CPU
		{0B552F94-33FE-4037-9C17-1EB2A885F263}.Release|Any CPU.ActiveCfg = Release|Any CPU
		{0B552F94-33FE-4037-9C17-1EB2A885F263}.Release|Any CPU.Build.0 = Release|Any CPU
		{B266D118-15AE-4BE6-809E-E9E30CE5C62F}.Debug|Any CPU.ActiveCfg = Debug|Any CPU
		{B266D118-15AE-4BE6-809E-E9E30CE5C62F}.Debug|Any CPU.Build.0 = Debug|Any CPU
		{B266D118-15AE-4BE6-809E-E9E30CE5C62F}.Release|Any CPU.ActiveCfg = Release|Any CPU
		{B266D118-15AE-4BE6-809E-E9E30CE5C62F}.Release|Any CPU.Build.0 = Release|Any CPU
		{CB78F0EA-8005-4735-A02C-B86CEDC29D85}.Debug|Any CPU.ActiveCfg = Debug|Any CPU
		{CB78F0EA-8005-4735-A02C-B86CEDC29D85}.Debug|Any CPU.Build.0 = Debug|Any CPU
		{CB78F0EA-8005-4735-A02C-B86CEDC29D85}.Release|Any CPU.ActiveCfg = Release|Any CPU
		{CB78F0EA-8005-4735-A02C-B86CEDC29D85}.Release|Any CPU.Build.0 = Release|Any CPU
	EndGlobalSection
	GlobalSection(SolutionProperties) = preSolution
		HideSolutionNode = FALSE
	EndGlobalSection
	GlobalSection(NestedProjects) = preSolution
		{917A4F64-8304-4228-B29A-E2FB474B761B} = {D0550510-0DCE-4B40-B4FB-091668E1C5FD}
		{C44C1C05-599A-40DD-9590-465EAB8960C5} = {4089E333-3857-4771-B209-5673EF4EEDA3}
		{341EBF32-D470-4C55-99E9-55F14F7FFBB1} = {4089E333-3857-4771-B209-5673EF4EEDA3}
		{BC4946BA-2724-4524-AC50-DFC49EE154A1} = {4089E333-3857-4771-B209-5673EF4EEDA3}
		{65E6D541-0486-4383-B619-5CFC5D2BA2F0} = {4089E333-3857-4771-B209-5673EF4EEDA3}
		{9AB3650B-CC24-4404-A175-A573DA928475} = {4089E333-3857-4771-B209-5673EF4EEDA3}
		{D30F7F2B-A4E3-4A07-A1BD-ED3EB21768F8} = {4089E333-3857-4771-B209-5673EF4EEDA3}
		{5DEBD769-D86E-4E14-ABF1-373CA91BFAA2} = {8D44B659-E9F7-4CE4-B5DA-D37CDDCD2525}
		{C22A18AB-6C54-48B4-AAC5-892499E93D4D} = {8D44B659-E9F7-4CE4-B5DA-D37CDDCD2525}
		{07DE4905-050C-4378-A039-F1EF7E1F309D} = {8D44B659-E9F7-4CE4-B5DA-D37CDDCD2525}
		{D2EC3D6A-35C0-4445-A9CB-AA18B12B6350} = {8D44B659-E9F7-4CE4-B5DA-D37CDDCD2525}
		{4AE0198D-EDE5-40B0-A5CD-FC7B6F891D94} = {8D44B659-E9F7-4CE4-B5DA-D37CDDCD2525}
		{AD192375-D530-40FB-A4E9-380C74CBB771} = {4AE0198D-EDE5-40B0-A5CD-FC7B6F891D94}
		{768FD0E0-5CF7-4AF0-98C9-4B848F9AFB62} = {4AE0198D-EDE5-40B0-A5CD-FC7B6F891D94}
		{86326769-3D0B-423F-AD28-A194B34318D6} = {4AE0198D-EDE5-40B0-A5CD-FC7B6F891D94}
		{48EFFECF-ECB0-4DF3-A704-B56AB07557BF} = {4AE0198D-EDE5-40B0-A5CD-FC7B6F891D94}
		{DA7BA2FA-447E-41F3-88D9-00CF3E052E2C} = {4AE0198D-EDE5-40B0-A5CD-FC7B6F891D94}
		{A0C8DD00-BD08-48D6-B257-5A838E5DA819} = {4AE0198D-EDE5-40B0-A5CD-FC7B6F891D94}
		{55728B9D-1EDE-4A40-B439-1EB0B3F77B72} = {4AE0198D-EDE5-40B0-A5CD-FC7B6F891D94}
		{08029B28-A5EA-42DB-AB4E-9C6BA9EF9441} = {4AE0198D-EDE5-40B0-A5CD-FC7B6F891D94}
		{98624699-1B2F-4636-A3F7-EC72343CB2FD} = {4AE0198D-EDE5-40B0-A5CD-FC7B6F891D94}
		{91BAD90E-BF3B-4646-A1A7-1568F8F25075} = {4089E333-3857-4771-B209-5673EF4EEDA3}
		{0B552F94-33FE-4037-9C17-1EB2A885F263} = {8D44B659-E9F7-4CE4-B5DA-D37CDDCD2525}
		{B266D118-15AE-4BE6-809E-E9E30CE5C62F} = {4AE0198D-EDE5-40B0-A5CD-FC7B6F891D94}
		{CB78F0EA-8005-4735-A02C-B86CEDC29D85} = {4089E333-3857-4771-B209-5673EF4EEDA3}
		{C3E359B5-DB2D-4AA4-A08C-77BAA0E94D21} = {312E452A-1068-4804-89E7-0AFBAD5F885F}
		{C7804F57-7FC6-4CF6-BDF6-127D6F9EBEA6} = {312E452A-1068-4804-89E7-0AFBAD5F885F}
		{188DC91F-2202-4495-ACD2-542D7C30364E} = {C7804F57-7FC6-4CF6-BDF6-127D6F9EBEA6}
		{FAD5C374-4748-4A3D-A435-FFA425916F3A} = {312E452A-1068-4804-89E7-0AFBAD5F885F}
	EndGlobalSection
	GlobalSection(ExtensibilityGlobals) = postSolution
		SolutionGuid = {76F121F8-70E0-49FB-9ADF-C7B660C0EB67}
	EndGlobalSection
EndGlobal
