
Microsoft Visual Studio Solution File, Format Version 12.00
# Visual Studio 2012
Project("{F2A71F9B-5D33-465A-A702-920D77279786}") = "FSharp.Markdown", "src\FSharp.Markdown\FSharp.Markdown.fsproj", "{C44C1C05-599A-40DD-9590-465EAB8960C5}"
EndProject
Project("{F2A71F9B-5D33-465A-A702-920D77279786}") = "FSharp.CodeFormat", "src\FSharp.CodeFormat\FSharp.CodeFormat.fsproj", "{341EBF32-D470-4C55-99E9-55F14F7FFBB1}"
EndProject
Project("{2150E333-8FDC-42A3-9474-1A3956D46DE8}") = "Documentation", "Documentation", "{4B40DB37-B3D8-4C44-9563-39CF34B4E149}"
	ProjectSection(SolutionItems) = preProject
		docs\codeformat.fsx = docs\codeformat.fsx
		docs\demo.fsx = docs\demo.fsx
		docs\index.md = docs\index.md
		docs\markdown.fsx = docs\markdown.fsx
		docs\metadata.fsx = docs\metadata.fsx
	EndProjectSection
EndProject
Project("{2150E333-8FDC-42A3-9474-1A3956D46DE8}") = "Side-by-side", "Side-by-side", "{B909A167-1109-4880-8BB8-C1A036B639BD}"
	ProjectSection(SolutionItems) = preProject
		docs\sidebyside\markdown.md = docs\sidebyside\markdown.md
		docs\sidebyside\script.fsx = docs\sidebyside\script.fsx
	EndProjectSection
EndProject
Project("{2150E333-8FDC-42A3-9474-1A3956D46DE8}") = "Content", "Content", "{BF4EF348-696A-4771-BD23-C198FBD9D729}"
	ProjectSection(SolutionItems) = preProject
		docs\output\content\style.css = docs\output\content\style.css
		docs\output\content\tips.js = docs\output\content\tips.js
	EndProjectSection
EndProject
Project("{F2A71F9B-5D33-465A-A702-920D77279786}") = "FSharp.MetadataFormat", "src\FSharp.MetadataFormat\FSharp.MetadataFormat.fsproj", "{BC4946BA-2724-4524-AC50-DFC49EE154A1}"
EndProject
Project("{F2A71F9B-5D33-465A-A702-920D77279786}") = "FSharp.Literate", "src\FSharp.Literate\FSharp.Literate.fsproj", "{65E6D541-0486-4383-B619-5CFC5D2BA2F0}"
EndProject
Project("{2150E333-8FDC-42A3-9474-1A3956D46DE8}") = "Build", "Build", "{194BD478-0DB5-44F3-A6C2-1FC75D3F3294}"
	ProjectSection(SolutionItems) = preProject
		build.fsx = build.fsx
		nuget\FSharp.Formatting.nuspec = nuget\FSharp.Formatting.nuspec
		RELEASE_NOTES.md = RELEASE_NOTES.md
	EndProjectSection
EndProject
Project("{2150E333-8FDC-42A3-9474-1A3956D46DE8}") = "NuGet", "NuGet", "{5C565F18-319F-4D69-8DD0-09E52A5CE049}"
	ProjectSection(SolutionItems) = preProject
		.nuget\NuGet.Config = .nuget\NuGet.Config
		.nuget\NuGet.exe = .nuget\NuGet.exe
		.nuget\NuGet.targets = .nuget\NuGet.targets
	EndProjectSection
EndProject
Project("{2150E333-8FDC-42A3-9474-1A3956D46DE8}") = "Tools", "Tools", "{A7574BE7-0A14-42FD-8C55-330F1C43AE66}"
	ProjectSection(SolutionItems) = preProject
		tools\build.fsx = tools\build.fsx
		tools\template-sidebyside.html = tools\template-sidebyside.html
		tools\template.html = tools\template.html
	EndProjectSection
EndProject
Project("{2150E333-8FDC-42A3-9474-1A3956D46DE8}") = "Literate", "Literate", "{57C28077-FFFE-4F57-B31D-344A9288076B}"
	ProjectSection(SolutionItems) = preProject
		literate\build.fsx = literate\build.fsx
		literate\demo.fsx = literate\demo.fsx
		literate\demo.md = literate\demo.md
	EndProjectSection
EndProject
Project("{2150E333-8FDC-42A3-9474-1A3956D46DE8}") = "Content", "Content", "{EDE95A19-2D92-4F2B-BCF3-1B08A555969D}"
	ProjectSection(SolutionItems) = preProject
		docs\content\style.css = docs\content\style.css
		docs\content\tips.js = docs\content\tips.js
	EndProjectSection
EndProject
Global
	GlobalSection(SolutionConfigurationPlatforms) = preSolution
		Debug|Any CPU = Debug|Any CPU
		Debug|Mixed Platforms = Debug|Mixed Platforms
		Debug|x86 = Debug|x86
		Release|Any CPU = Release|Any CPU
		Release|Mixed Platforms = Release|Mixed Platforms
		Release|x86 = Release|x86
	EndGlobalSection
	GlobalSection(ProjectConfigurationPlatforms) = postSolution
		{C44C1C05-599A-40DD-9590-465EAB8960C5}.Debug|Any CPU.ActiveCfg = Debug|Any CPU
		{C44C1C05-599A-40DD-9590-465EAB8960C5}.Debug|Any CPU.Build.0 = Debug|Any CPU
		{C44C1C05-599A-40DD-9590-465EAB8960C5}.Debug|Mixed Platforms.ActiveCfg = Debug|Any CPU
		{C44C1C05-599A-40DD-9590-465EAB8960C5}.Debug|Mixed Platforms.Build.0 = Debug|Any CPU
		{C44C1C05-599A-40DD-9590-465EAB8960C5}.Debug|x86.ActiveCfg = Debug|x86
		{C44C1C05-599A-40DD-9590-465EAB8960C5}.Debug|x86.Build.0 = Debug|x86
		{C44C1C05-599A-40DD-9590-465EAB8960C5}.Release|Any CPU.ActiveCfg = Release|Any CPU
		{C44C1C05-599A-40DD-9590-465EAB8960C5}.Release|Any CPU.Build.0 = Release|Any CPU
		{C44C1C05-599A-40DD-9590-465EAB8960C5}.Release|Mixed Platforms.ActiveCfg = Release|Any CPU
		{C44C1C05-599A-40DD-9590-465EAB8960C5}.Release|Mixed Platforms.Build.0 = Release|Any CPU
		{C44C1C05-599A-40DD-9590-465EAB8960C5}.Release|x86.ActiveCfg = Release|x86
		{C44C1C05-599A-40DD-9590-465EAB8960C5}.Release|x86.Build.0 = Release|x86
		{341EBF32-D470-4C55-99E9-55F14F7FFBB1}.Debug|Any CPU.ActiveCfg = Debug|Any CPU
		{341EBF32-D470-4C55-99E9-55F14F7FFBB1}.Debug|Any CPU.Build.0 = Debug|Any CPU
		{341EBF32-D470-4C55-99E9-55F14F7FFBB1}.Debug|Mixed Platforms.ActiveCfg = Debug|Any CPU
		{341EBF32-D470-4C55-99E9-55F14F7FFBB1}.Debug|Mixed Platforms.Build.0 = Debug|Any CPU
		{341EBF32-D470-4C55-99E9-55F14F7FFBB1}.Debug|x86.ActiveCfg = Debug|x86
		{341EBF32-D470-4C55-99E9-55F14F7FFBB1}.Debug|x86.Build.0 = Debug|x86
		{341EBF32-D470-4C55-99E9-55F14F7FFBB1}.Release|Any CPU.ActiveCfg = Release|Any CPU
		{341EBF32-D470-4C55-99E9-55F14F7FFBB1}.Release|Any CPU.Build.0 = Release|Any CPU
		{341EBF32-D470-4C55-99E9-55F14F7FFBB1}.Release|Mixed Platforms.ActiveCfg = Release|Any CPU
		{341EBF32-D470-4C55-99E9-55F14F7FFBB1}.Release|Mixed Platforms.Build.0 = Release|Any CPU
		{341EBF32-D470-4C55-99E9-55F14F7FFBB1}.Release|x86.ActiveCfg = Release|x86
		{341EBF32-D470-4C55-99E9-55F14F7FFBB1}.Release|x86.Build.0 = Release|x86
		{BC4946BA-2724-4524-AC50-DFC49EE154A1}.Debug|Any CPU.ActiveCfg = Debug|Any CPU
		{BC4946BA-2724-4524-AC50-DFC49EE154A1}.Debug|Any CPU.Build.0 = Debug|Any CPU
		{BC4946BA-2724-4524-AC50-DFC49EE154A1}.Debug|Mixed Platforms.ActiveCfg = Debug|Any CPU
		{BC4946BA-2724-4524-AC50-DFC49EE154A1}.Debug|Mixed Platforms.Build.0 = Debug|Any CPU
		{BC4946BA-2724-4524-AC50-DFC49EE154A1}.Debug|x86.ActiveCfg = Debug|Any CPU
		{BC4946BA-2724-4524-AC50-DFC49EE154A1}.Release|Any CPU.ActiveCfg = Release|Any CPU
		{BC4946BA-2724-4524-AC50-DFC49EE154A1}.Release|Any CPU.Build.0 = Release|Any CPU
		{BC4946BA-2724-4524-AC50-DFC49EE154A1}.Release|Mixed Platforms.ActiveCfg = Release|Any CPU
		{BC4946BA-2724-4524-AC50-DFC49EE154A1}.Release|Mixed Platforms.Build.0 = Release|Any CPU
		{BC4946BA-2724-4524-AC50-DFC49EE154A1}.Release|x86.ActiveCfg = Release|Any CPU
		{65E6D541-0486-4383-B619-5CFC5D2BA2F0}.Debug|Any CPU.ActiveCfg = Debug|Any CPU
		{65E6D541-0486-4383-B619-5CFC5D2BA2F0}.Debug|Any CPU.Build.0 = Debug|Any CPU
		{65E6D541-0486-4383-B619-5CFC5D2BA2F0}.Debug|Mixed Platforms.ActiveCfg = Debug|Any CPU
		{65E6D541-0486-4383-B619-5CFC5D2BA2F0}.Debug|Mixed Platforms.Build.0 = Debug|Any CPU
		{65E6D541-0486-4383-B619-5CFC5D2BA2F0}.Debug|x86.ActiveCfg = Debug|Any CPU
		{65E6D541-0486-4383-B619-5CFC5D2BA2F0}.Release|Any CPU.ActiveCfg = Release|Any CPU
		{65E6D541-0486-4383-B619-5CFC5D2BA2F0}.Release|Any CPU.Build.0 = Release|Any CPU
		{65E6D541-0486-4383-B619-5CFC5D2BA2F0}.Release|Mixed Platforms.ActiveCfg = Release|Any CPU
		{65E6D541-0486-4383-B619-5CFC5D2BA2F0}.Release|Mixed Platforms.Build.0 = Release|Any CPU
		{65E6D541-0486-4383-B619-5CFC5D2BA2F0}.Release|x86.ActiveCfg = Release|Any CPU
	EndGlobalSection
	GlobalSection(SolutionProperties) = preSolution
		HideSolutionNode = FALSE
	EndGlobalSection
	GlobalSection(NestedProjects) = preSolution
		{B909A167-1109-4880-8BB8-C1A036B639BD} = {4B40DB37-B3D8-4C44-9563-39CF34B4E149}
		{BF4EF348-696A-4771-BD23-C198FBD9D729} = {4B40DB37-B3D8-4C44-9563-39CF34B4E149}
		{A7574BE7-0A14-42FD-8C55-330F1C43AE66} = {4B40DB37-B3D8-4C44-9563-39CF34B4E149}
		{EDE95A19-2D92-4F2B-BCF3-1B08A555969D} = {57C28077-FFFE-4F57-B31D-344A9288076B}
	EndGlobalSection
EndGlobal
