
Microsoft Visual Studio Solution File, Format Version 12.00
# Visual Studio 2013
VisualStudioVersion = 12.0.21005.1
MinimumVisualStudioVersion = 10.0.40219.1
Project("{2150E333-8FDC-42A3-9474-1A3956D46DE8}") = "project", "project", "{194BD478-0DB5-44F3-A6C2-1FC75D3F3294}"
	ProjectSection(SolutionItems) = preProject
		build.fsx = build.fsx
		nuget\FSharp.Formatting.CommandTool.nuspec = nuget\FSharp.Formatting.CommandTool.nuspec
		nuget\FSharp.Formatting.nuspec = nuget\FSharp.Formatting.nuspec
		RELEASE_NOTES.md = RELEASE_NOTES.md
	EndProjectSection
EndProject
Project("{2150E333-8FDC-42A3-9474-1A3956D46DE8}") = "nuget", "nuget", "{5C565F18-319F-4D69-8DD0-09E52A5CE049}"
	ProjectSection(SolutionItems) = preProject
		.nuget\NuGet.Config = .nuget\NuGet.Config
		.nuget\NuGet.exe = .nuget\NuGet.exe
		.nuget\NuGet.targets = .nuget\NuGet.targets
	EndProjectSection
EndProject
Project("{2150E333-8FDC-42A3-9474-1A3956D46DE8}") = "literate", "literate", "{57C28077-FFFE-4F57-B31D-344A9288076B}"
	ProjectSection(SolutionItems) = preProject
		misc\literate\build.fsx = misc\literate\build.fsx
		misc\literate\demo.fsx = misc\literate\demo.fsx
		misc\literate\demo.md = misc\literate\demo.md
	EndProjectSection
EndProject
Project("{2150E333-8FDC-42A3-9474-1A3956D46DE8}") = "content", "content", "{EDE95A19-2D92-4F2B-BCF3-1B08A555969D}"
	ProjectSection(SolutionItems) = preProject
		docs\files\content\style.css = docs\files\content\style.css
		docs\files\content\tips.js = docs\files\content\tips.js
	EndProjectSection
EndProject
Project("{2150E333-8FDC-42A3-9474-1A3956D46DE8}") = "docs", "docs", "{312E452A-1068-4804-89E7-0AFBAD5F885F}"
	ProjectSection(SolutionItems) = preProject
		docs\content\codeformat.fsx = docs\content\codeformat.fsx
		docs\content\commandline.md = docs\content\commandline.md
		docs\content\evaluation.fsx = docs\content\evaluation.fsx
		docs\content\index.md = docs\content\index.md
		docs\content\literate.fsx = docs\content\literate.fsx
		docs\content\markdown.fsx = docs\content\markdown.fsx
		docs\content\metadata.fsx = docs\content\metadata.fsx
	EndProjectSection
EndProject
Project("{2150E333-8FDC-42A3-9474-1A3956D46DE8}") = "sidebyside", "sidebyside", "{561B2DD7-455E-4464-B585-C8768C633EFC}"
	ProjectSection(SolutionItems) = preProject
		docs\content\sidebyside\extensions.md = docs\content\sidebyside\extensions.md
		docs\content\sidebyside\markdown.md = docs\content\sidebyside\markdown.md
		docs\content\sidebyside\script.fsx = docs\content\sidebyside\script.fsx
	EndProjectSection
EndProject
Project("{2150E333-8FDC-42A3-9474-1A3956D46DE8}") = "tools", "tools", "{BEE70727-0C9E-42DE-A65B-5CB8F4EF1820}"
	ProjectSection(SolutionItems) = preProject
		docs\tools\generate.fsx = docs\tools\generate.fsx
		docs\tools\template-sidebyside.html = docs\tools\template-sidebyside.html
		docs\tools\template.html = docs\tools\template.html
	EndProjectSection
EndProject
Project("{2150E333-8FDC-42A3-9474-1A3956D46DE8}") = "templates", "templates", "{D0550510-0DCE-4B40-B4FB-091668E1C5FD}"
	ProjectSection(SolutionItems) = preProject
		misc\templates\docpage.cshtml = misc\templates\docpage.cshtml
		misc\templates\template.cshtml = misc\templates\template.cshtml
	EndProjectSection
EndProject
Project("{2150E333-8FDC-42A3-9474-1A3956D46DE8}") = "reference", "reference", "{917A4F64-8304-4228-B29A-E2FB474B761B}"
	ProjectSection(SolutionItems) = preProject
		misc\templates\reference\module.cshtml = misc\templates\reference\module.cshtml
		misc\templates\reference\namespaces.cshtml = misc\templates\reference\namespaces.cshtml
		misc\templates\reference\part-members.cshtml = misc\templates\reference\part-members.cshtml
		misc\templates\reference\part-nested.cshtml = misc\templates\reference\part-nested.cshtml
		misc\templates\reference\type.cshtml = misc\templates\reference\type.cshtml
	EndProjectSection
EndProject
Project("{F2A71F9B-5D33-465A-A702-920D77279786}") = "FSharp.Markdown", "src\FSharp.Markdown\FSharp.Markdown.fsproj", "{C44C1C05-599A-40DD-9590-465EAB8960C5}"
EndProject
Project("{F2A71F9B-5D33-465A-A702-920D77279786}") = "FSharp.CodeFormat", "src\FSharp.CodeFormat\FSharp.CodeFormat.fsproj", "{341EBF32-D470-4C55-99E9-55F14F7FFBB1}"
EndProject
Project("{F2A71F9B-5D33-465A-A702-920D77279786}") = "FSharp.MetadataFormat", "src\FSharp.MetadataFormat\FSharp.MetadataFormat.fsproj", "{BC4946BA-2724-4524-AC50-DFC49EE154A1}"
EndProject
Project("{F2A71F9B-5D33-465A-A702-920D77279786}") = "FSharp.Literate", "src\FSharp.Literate\FSharp.Literate.fsproj", "{65E6D541-0486-4383-B619-5CFC5D2BA2F0}"
EndProject
Project("{FAE04EC0-301F-11D3-BF4B-00C04F79EFBC}") = "CSharpFormat", "src\CSharpFormat\CSharpFormat.csproj", "{9AB3650B-CC24-4404-A175-A573DA928475}"
EndProject
Project("{F2A71F9B-5D33-465A-A702-920D77279786}") = "FSharp.Formatting.CommandTool", "src\FSharp.Formatting.CommandTool\FSharp.Formatting.CommandTool.fsproj", "{D30F7F2B-A4E3-4A07-A1BD-ED3EB21768F8}"
EndProject
Global
	GlobalSection(SolutionConfigurationPlatforms) = preSolution
		Debug|Any CPU = Debug|Any CPU
		Debug|x86 = Debug|x86
		Release|Any CPU = Release|Any CPU
		Release|x86 = Release|x86
	EndGlobalSection
	GlobalSection(ProjectConfigurationPlatforms) = postSolution
		{C44C1C05-599A-40DD-9590-465EAB8960C5}.Debug|Any CPU.ActiveCfg = Debug|Any CPU
		{C44C1C05-599A-40DD-9590-465EAB8960C5}.Debug|Any CPU.Build.0 = Debug|Any CPU
		{C44C1C05-599A-40DD-9590-465EAB8960C5}.Debug|x86.ActiveCfg = Debug|x86
		{C44C1C05-599A-40DD-9590-465EAB8960C5}.Debug|x86.Build.0 = Debug|x86
		{C44C1C05-599A-40DD-9590-465EAB8960C5}.Release|Any CPU.ActiveCfg = Release|Any CPU
		{C44C1C05-599A-40DD-9590-465EAB8960C5}.Release|Any CPU.Build.0 = Release|Any CPU
		{C44C1C05-599A-40DD-9590-465EAB8960C5}.Release|x86.ActiveCfg = Release|x86
		{C44C1C05-599A-40DD-9590-465EAB8960C5}.Release|x86.Build.0 = Release|x86
		{341EBF32-D470-4C55-99E9-55F14F7FFBB1}.Debug|Any CPU.ActiveCfg = Debug|Any CPU
		{341EBF32-D470-4C55-99E9-55F14F7FFBB1}.Debug|Any CPU.Build.0 = Debug|Any CPU
		{341EBF32-D470-4C55-99E9-55F14F7FFBB1}.Debug|x86.ActiveCfg = Debug|x86
		{341EBF32-D470-4C55-99E9-55F14F7FFBB1}.Debug|x86.Build.0 = Debug|x86
		{341EBF32-D470-4C55-99E9-55F14F7FFBB1}.Release|Any CPU.ActiveCfg = Release|Any CPU
		{341EBF32-D470-4C55-99E9-55F14F7FFBB1}.Release|Any CPU.Build.0 = Release|Any CPU
		{341EBF32-D470-4C55-99E9-55F14F7FFBB1}.Release|x86.ActiveCfg = Release|x86
		{341EBF32-D470-4C55-99E9-55F14F7FFBB1}.Release|x86.Build.0 = Release|x86
		{BC4946BA-2724-4524-AC50-DFC49EE154A1}.Debug|Any CPU.ActiveCfg = Debug|Any CPU
		{BC4946BA-2724-4524-AC50-DFC49EE154A1}.Debug|Any CPU.Build.0 = Debug|Any CPU
		{BC4946BA-2724-4524-AC50-DFC49EE154A1}.Debug|x86.ActiveCfg = Debug|Any CPU
		{BC4946BA-2724-4524-AC50-DFC49EE154A1}.Release|Any CPU.ActiveCfg = Release|Any CPU
		{BC4946BA-2724-4524-AC50-DFC49EE154A1}.Release|Any CPU.Build.0 = Release|Any CPU
		{BC4946BA-2724-4524-AC50-DFC49EE154A1}.Release|x86.ActiveCfg = Release|Any CPU
		{65E6D541-0486-4383-B619-5CFC5D2BA2F0}.Debug|Any CPU.ActiveCfg = Debug|Any CPU
		{65E6D541-0486-4383-B619-5CFC5D2BA2F0}.Debug|Any CPU.Build.0 = Debug|Any CPU
		{65E6D541-0486-4383-B619-5CFC5D2BA2F0}.Debug|x86.ActiveCfg = Debug|Any CPU
		{65E6D541-0486-4383-B619-5CFC5D2BA2F0}.Release|Any CPU.ActiveCfg = Release|Any CPU
		{65E6D541-0486-4383-B619-5CFC5D2BA2F0}.Release|Any CPU.Build.0 = Release|Any CPU
		{65E6D541-0486-4383-B619-5CFC5D2BA2F0}.Release|x86.ActiveCfg = Release|Any CPU
		{9AB3650B-CC24-4404-A175-A573DA928475}.Debug|Any CPU.ActiveCfg = Debug|Any CPU
		{9AB3650B-CC24-4404-A175-A573DA928475}.Debug|Any CPU.Build.0 = Debug|Any CPU
		{9AB3650B-CC24-4404-A175-A573DA928475}.Debug|x86.ActiveCfg = Debug|Any CPU
		{9AB3650B-CC24-4404-A175-A573DA928475}.Release|Any CPU.ActiveCfg = Release|Any CPU
		{9AB3650B-CC24-4404-A175-A573DA928475}.Release|Any CPU.Build.0 = Release|Any CPU
		{9AB3650B-CC24-4404-A175-A573DA928475}.Release|x86.ActiveCfg = Release|Any CPU
		{D30F7F2B-A4E3-4A07-A1BD-ED3EB21768F8}.Debug|Any CPU.ActiveCfg = Debug|Any CPU
		{D30F7F2B-A4E3-4A07-A1BD-ED3EB21768F8}.Debug|Any CPU.Build.0 = Debug|Any CPU
		{D30F7F2B-A4E3-4A07-A1BD-ED3EB21768F8}.Debug|x86.ActiveCfg = Debug|Any CPU
		{D30F7F2B-A4E3-4A07-A1BD-ED3EB21768F8}.Release|Any CPU.ActiveCfg = Release|Any CPU
		{D30F7F2B-A4E3-4A07-A1BD-ED3EB21768F8}.Release|Any CPU.Build.0 = Release|Any CPU
		{D30F7F2B-A4E3-4A07-A1BD-ED3EB21768F8}.Release|x86.ActiveCfg = Release|Any CPU
	EndGlobalSection
	GlobalSection(SolutionProperties) = preSolution
		HideSolutionNode = FALSE
	EndGlobalSection
	GlobalSection(NestedProjects) = preSolution
		{EDE95A19-2D92-4F2B-BCF3-1B08A555969D} = {312E452A-1068-4804-89E7-0AFBAD5F885F}
		{561B2DD7-455E-4464-B585-C8768C633EFC} = {312E452A-1068-4804-89E7-0AFBAD5F885F}
		{BEE70727-0C9E-42DE-A65B-5CB8F4EF1820} = {312E452A-1068-4804-89E7-0AFBAD5F885F}
		{917A4F64-8304-4228-B29A-E2FB474B761B} = {D0550510-0DCE-4B40-B4FB-091668E1C5FD}
	EndGlobalSection
EndGlobal
