{
  "version": 2,
  "dependencies": {
    ".NETStandard,Version=v2.1": {
      "FSharp.Core": {
        "type": "Direct",
        "requested": "[7.0.200, 7.0.200]",
        "resolved": "7.0.200",
        "contentHash": "NmgUnpNH6Zu9B0SPIhojyo38gnPdkdYFYQfbd6zosEH32kbGY/g/Klk7PfOWe1NAe/O1YOMmK9KhwQ2OWsWEbg=="
      }
    }
  }
}