{
  "version": 2,
  "dependencies": {
    ".NETStandard,Version=v2.1": {
      "FSharp.Core": {
        "type": "Direct",
        "requested": "[8.0.100-beta.23455.5, 8.0.100-beta.23455.5]",
        "resolved": "8.0.100-beta.23455.5",
        "contentHash": "Mh4z3CYGP224ExJmDSd/SMd4SVVwtl+m83L8Cfx+BU/m7P2E3r0cF6zW3PpzJUFOJAo/wYGdj4gM3chNzlk6ow=="
      },
      "fsharp.formatting.codeformat": {
        "type": "Project",
        "dependencies": {
          "FSharp.Compiler.Service": "[43.8.100-preview.23454.4, 43.8.100-preview.23454.4]",
          "FSharp.Core": "[8.0.100-beta.23455.5, 8.0.100-beta.23455.5]",
          "FSharp.Formatting.Common": "[19.0.0, )"
        }
      },
      "fsharp.formatting.common": {
        "type": "Project",
        "dependencies": {
          "FSharp.Compiler.Service": "[43.8.100-preview.23454.4, 43.8.100-preview.23454.4]",
          "FSharp.Core": "[8.0.100-beta.23455.5, 8.0.100-beta.23455.5]"
        }
      },
      "fsharp.formatting.literate": {
        "type": "Project",
        "dependencies": {
          "FSharp.Compiler.Service": "[43.8.100-preview.23454.4, 43.8.100-preview.23454.4]",
          "FSharp.Core": "[8.0.100-beta.23455.5, 8.0.100-beta.23455.5]"
        }
      },
      "fsharp.formatting.markdown": {
        "type": "Project",
        "dependencies": {
          "FSharp.Core": "[8.0.100-beta.23455.5, 8.0.100-beta.23455.5]",
          "FSharp.Formatting.Common": "[19.0.0, )"
        }
      }
    }
  }
}