
Microsoft Visual Studio Solution File, Format Version 12.00
# Visual Studio 2012
Project("{2150E333-8FDC-42A3-9474-1A3956D46DE8}") = ".paket", ".paket", "{05A39D5B-3CC8-4D23-939E-A01C57C89A72}"
	ProjectSection(SolutionItems) = preProject
		..\..\..\..\paket.dependencies = ..\..\..\..\paket.dependencies
	EndProjectSection
EndProject
Project("{F2A71F9B-5D33-465A-A702-920D77279786}") = "TestLib1", "TestLib1.fsproj", "{AD192375-D530-40FB-A4E9-380C74CBB771}"
# Visual Studio 15
VisualStudioVersion = 15.0.27428.2043
MinimumVisualStudioVersion = 10.0.40219.1
Project("{6EC3EE1D-3C4E-46DD-8F32-0CC8E7565705}") = "TestLib1", "TestLib1.fsproj", "{AD192375-D530-40FB-A4E9-380C74CBB771}"
EndProject
Project("{6EC3EE1D-3C4E-46DD-8F32-0CC8E7565705}") = "TestLib2", "TestLib2.fsproj", "{768FD0E0-5CF7-4AF0-98C9-4B848F9AFB62}"
EndProject
Project("{6EC3EE1D-3C4E-46DD-8F32-0CC8E7565705}") = "AttributesTestLib", "AttributesTestLib.fsproj", "{B2CB4ACB-26B8-4205-A23F-1058663052D3}"
EndProject
Global
	GlobalSection(SolutionConfigurationPlatforms) = preSolution
		Debug|Any CPU = Debug|Any CPU
		Release|Any CPU = Release|Any CPU
	EndGlobalSection
	GlobalSection(ProjectConfigurationPlatforms) = postSolution
		{AD192375-D530-40FB-A4E9-380C74CBB771}.Debug|Any CPU.ActiveCfg = Debug|Any CPU
		{AD192375-D530-40FB-A4E9-380C74CBB771}.Debug|Any CPU.Build.0 = Debug|Any CPU
		{AD192375-D530-40FB-A4E9-380C74CBB771}.Release|Any CPU.ActiveCfg = Release|Any CPU
		{AD192375-D530-40FB-A4E9-380C74CBB771}.Release|Any CPU.Build.0 = Release|Any CPU
		{768FD0E0-5CF7-4AF0-98C9-4B848F9AFB62}.Debug|Any CPU.ActiveCfg = Debug|Any CPU
		{768FD0E0-5CF7-4AF0-98C9-4B848F9AFB62}.Debug|Any CPU.Build.0 = Debug|Any CPU
		{768FD0E0-5CF7-4AF0-98C9-4B848F9AFB62}.Release|Any CPU.ActiveCfg = Release|Any CPU
		{768FD0E0-5CF7-4AF0-98C9-4B848F9AFB62}.Release|Any CPU.Build.0 = Release|Any CPU
		{B2CB4ACB-26B8-4205-A23F-1058663052D3}.Debug|Any CPU.ActiveCfg = Debug|Any CPU
		{B2CB4ACB-26B8-4205-A23F-1058663052D3}.Debug|Any CPU.Build.0 = Debug|Any CPU
		{B2CB4ACB-26B8-4205-A23F-1058663052D3}.Release|Any CPU.ActiveCfg = Release|Any CPU
		{B2CB4ACB-26B8-4205-A23F-1058663052D3}.Release|Any CPU.Build.0 = Release|Any CPU
	EndGlobalSection
	GlobalSection(SolutionProperties) = preSolution
		HideSolutionNode = FALSE
	EndGlobalSection
	GlobalSection(ExtensibilityGlobals) = postSolution
		SolutionGuid = {2A3F117A-B51A-48F2-B70B-184A09FE54EE}
	EndGlobalSection
EndGlobal
