{
  "version": 2,
  "dependencies": {
    "net7.0": {
      "FSharp.Core": {
        "type": "Direct",
        "requested": "[7.0.400, 7.0.400]",
        "resolved": "7.0.400",
        "contentHash": "kJQ7TBQqd1d2VoODSgwFSAaApaBN0Fuu8mZt2XExmd3UzUxLjUsMn5Y5XhpsUWdnxOL8amp7VFg7cwhPllR4Qw=="
      },
      "FSharp.Data": {
        "type": "Direct",
        "requested": "[6.2.0, )",
        "resolved": "6.2.0",
        "contentHash": "VKdkVWWhxvCdSXFcDJzpUnp0f+EbkAqSEdL2C2h5/r/SgLQYk4IGbht6Uo34LfKtOg/vLG+6atFwRjqLVzXybg==",
        "dependencies": {
          "FSharp.Core": "5.0.1",
          "FSharp.Data.Csv.Core": "6.2.0",
          "FSharp.Data.Html.Core": "6.2.0",
          "FSharp.Data.Http": "6.2.0",
          "FSharp.Data.Json.Core": "6.2.0",
          "FSharp.Data.Runtime.Utilities": "6.2.0",
          "FSharp.Data.WorldBank.Core": "6.2.0",
          "FSharp.Data.Xml.Core": "6.2.0"
        }
      },
      "FsUnit": {
        "type": "Direct",
        "requested": "[5.4.0, )",
        "resolved": "5.4.0",
        "contentHash": "dOF9gvL2btGy06QmqysH20sw8huShNHY3RK9qQZlcaTxXb9bHHT0eC8kjmmcqj8sgtQ5lcRFNUlnLkkNq60N/g==",
        "dependencies": {
          "FSharp.Core": "5.0.2",
          "NUnit": "[3.13.3, 3.14.0)"
        }
      },
      "Microsoft.NET.Test.Sdk": {
        "type": "Direct",
        "requested": "[17.7.1, )",
        "resolved": "17.7.1",
        "contentHash": "o1qyqDOR8eMuQrC1e5EMMcE+Wm3rwES5aHNWaJpi2A5qwVOru23zsdXkndT6hgl79QsJsqKp+/RNcayIzpHjvA==",
        "dependencies": {
          "Microsoft.CodeCoverage": "17.7.1",
          "Microsoft.TestPlatform.TestHost": "17.7.1"
        }
      },
      "NUnit": {
        "type": "Direct",
        "requested": "[3.13.3, )",
        "resolved": "3.13.3",
        "contentHash": "KNPDpls6EfHwC3+nnA67fh5wpxeLb3VLFAfLxrug6JMYDLHH6InaQIWR7Sc3y75d/9IKzMksH/gi08W7XWbmnQ==",
        "dependencies": {
          "NETStandard.Library": "2.0.0"
        }
      },
      "NUnit3TestAdapter": {
        "type": "Direct",
        "requested": "[4.5.0, )",
        "resolved": "4.5.0",
        "contentHash": "s8JpqTe9bI2f49Pfr3dFRfoVSuFQyraTj68c3XXjIS/MRGvvkLnrg6RLqnTjdShX+AdFUCCU/4Xex58AdUfs6A=="
      },
      "FSharp.Data.Csv.Core": {
        "type": "Transitive",
        "resolved": "6.2.0",
        "contentHash": "I4xl9ffi+yhhhWloyzPYND+fBOeTn8T+FGZbIwxNAo/1iyaSvhSvvJuoI4gj3NJ42YVWVpUpQ4R4xs8wYM4sTQ==",
        "dependencies": {
          "FSharp.Core": "5.0.1",
          "FSharp.Data.Runtime.Utilities": "6.2.0"
        }
      },
      "FSharp.Data.Html.Core": {
        "type": "Transitive",
        "resolved": "6.2.0",
        "contentHash": "jQ7749wBt5Vu2K9uCK8Gf5WuaNeEo61jXVEd7ShGE5FA6ImepzB64S1t0FosSI63dU05QVCs0/zRzbKhl5QWLQ==",
        "dependencies": {
          "FSharp.Core": "5.0.1",
          "FSharp.Data.Csv.Core": "6.2.0",
          "FSharp.Data.Runtime.Utilities": "6.2.0"
        }
      },
      "FSharp.Data.Http": {
        "type": "Transitive",
        "resolved": "6.2.0",
        "contentHash": "q2gQbsYz1KeMT6JnUznPaKAjAJKsWioIib9bl2b0Xk5ICO3triIS95valXak/CPbVeX4OOcPLGrrRf+5HhLBXA==",
        "dependencies": {
          "FSharp.Core": "5.0.1"
        }
      },
      "FSharp.Data.Json.Core": {
        "type": "Transitive",
        "resolved": "6.2.0",
        "contentHash": "3O9zwQtAgfmlkI7ONgjOTJ4au/TSxrSvI9/4uccjS/XJTAERKMPsyahYbdmUIFnE2nCtLc2G1mL8L9kRO1Wuuw==",
        "dependencies": {
          "FSharp.Core": "5.0.1",
          "FSharp.Data.Http": "6.2.0",
          "FSharp.Data.Runtime.Utilities": "6.2.0"
        }
      },
      "FSharp.Data.Runtime.Utilities": {
        "type": "Transitive",
        "resolved": "6.2.0",
        "contentHash": "DlsZK7HgOd6PxB0COs+QrNWAq4odYENUUTCUn7a9WSpK1ErRIF12FmsBtBlcU2DMDWxp5fbuGxmCVfEeynAgWw==",
        "dependencies": {
          "FSharp.Core": "5.0.1",
          "FSharp.Data.Http": "6.2.0"
        }
      },
      "FSharp.Data.WorldBank.Core": {
        "type": "Transitive",
        "resolved": "6.2.0",
        "contentHash": "smzGuL/jMRWMxrv5p2KLJC7+c7ILqo+mJsQtifFw4XKFmeRMbVnh2ycY+Eis7QdghqCMhNWm6LDkphdqj7oHzg==",
        "dependencies": {
          "FSharp.Core": "5.0.1",
          "FSharp.Data.Http": "6.2.0",
          "FSharp.Data.Json.Core": "6.2.0",
          "FSharp.Data.Runtime.Utilities": "6.2.0"
        }
      },
      "FSharp.Data.Xml.Core": {
        "type": "Transitive",
        "resolved": "6.2.0",
        "contentHash": "iVRMoKkcdk2fXpUJGUvZQTQYmuhuM7nAjL48ZHjLCWL8W0NFUxQEVlVwbEKltS46SUF5bE8dkVeeaW5bgfw9BA==",
        "dependencies": {
          "FSharp.Core": "5.0.1",
          "FSharp.Data.Http": "6.2.0",
          "FSharp.Data.Json.Core": "6.2.0",
          "FSharp.Data.Runtime.Utilities": "6.2.0"
        }
      },
      "Microsoft.CodeCoverage": {
        "type": "Transitive",
        "resolved": "17.7.1",
        "contentHash": "NmGwM2ZJy4CAMdJYIp53opUjnXsMbzASX5oQzgxORicJsgz5Lp50fnRI8OmQ/kYNg6dHfr3IjuUoXbsotDX+KA=="
      },
      "Microsoft.NETCore.Platforms": {
        "type": "Transitive",
        "resolved": "1.1.0",
        "contentHash": "kz0PEW2lhqygehI/d6XsPCQzD7ff7gUJaVGPVETX611eadGsA3A877GdSlU0LRVMCTH/+P3o2iDTak+S08V2+A=="
      },
      "Microsoft.TestPlatform.ObjectModel": {
        "type": "Transitive",
        "resolved": "17.7.1",
        "contentHash": "nDmV03yHIdAiG5J3ZEjMyJM2XDjmWORuKgbrGzqlAipBEjUuy5Z5S7WwSqUv9OiaUrtCn9dNYmjfMELUi08leQ==",
        "dependencies": {
          "NuGet.Frameworks": "6.5.0",
          "System.Reflection.Metadata": "1.6.0"
        }
      },
      "Microsoft.TestPlatform.TestHost": {
        "type": "Transitive",
        "resolved": "17.7.1",
        "contentHash": "WCU1NyBarz0tih+I9K5OWN1dVo3z562Iek/VAqWNWRFWw1GeUGqB61iixrBvZO77sjTtBc1cXO8H95uImfmEdw==",
        "dependencies": {
          "Microsoft.TestPlatform.ObjectModel": "17.7.1",
          "Newtonsoft.Json": "13.0.1"
        }
      },
      "NETStandard.Library": {
        "type": "Transitive",
        "resolved": "2.0.0",
        "contentHash": "7jnbRU+L08FXKMxqUflxEXtVymWvNOrS8yHgu9s6EM8Anr6T/wIX4nZ08j/u3Asz+tCufp3YVwFSEvFTPYmBPA==",
        "dependencies": {
          "Microsoft.NETCore.Platforms": "1.1.0"
        }
      },
      "NuGet.Frameworks": {
        "type": "Transitive",
        "resolved": "6.5.0",
        "contentHash": "QWINE2x3MbTODsWT1Gh71GaGb5icBz4chS8VYvTgsBnsi8esgN6wtHhydd7fvToWECYGq7T4cgBBDiKD/363fg=="
      },
      "System.Buffers": {
        "type": "Transitive",
        "resolved": "4.5.1",
        "contentHash": "Rw7ijyl1qqRS0YQD/WycNst8hUUMgrMH4FCn1nNm27M4VxchZ1js3fVjQaANHO5f3sN4isvP4a+Met9Y4YomAg=="
      },
      "System.Collections.Immutable": {
        "type": "Transitive",
        "resolved": "7.0.0",
        "contentHash": "dQPcs0U1IKnBdRDBkrCTi1FoajSTBzLcVTpjO4MBCMC7f4pDOIPzgBoX8JjG7X6uZRJ8EBxsi8+DR1JuwjnzOQ=="
      },
      "System.Diagnostics.DiagnosticSource": {
        "type": "Transitive",
        "resolved": "7.0.2",
        "contentHash": "hYr3I9N9811e0Bjf2WNwAGGyTuAFbbTgX1RPLt/3Wbm68x3IGcX5Cl75CMmgT6WlNwLQ2tCCWfqYPpypjaf2xA=="
      },
      "System.Reflection.Emit": {
        "type": "Transitive",
        "resolved": "4.7.0",
        "contentHash": "VR4kk8XLKebQ4MZuKuIni/7oh+QGFmZW3qORd1GvBq/8026OpW501SzT/oypwiQl4TvT8ErnReh/NzY9u+C6wQ=="
      },
      "System.Reflection.Metadata": {
        "type": "Transitive",
        "resolved": "7.0.0",
        "contentHash": "MclTG61lsD9sYdpNz9xsKBzjsmsfCtcMZYXz/IUr2zlhaTaABonlr1ESeompTgM+Xk+IwtGYU7/voh3YWB/fWw==",
        "dependencies": {
          "System.Collections.Immutable": "7.0.0"
        }
      },
      "System.Runtime.CompilerServices.Unsafe": {
        "type": "Transitive",
        "resolved": "6.0.0",
        "contentHash": "/iUeP3tq1S0XdNNoMz5C9twLSrM/TH+qElHkXWaPvuNOt+99G75NrV0OS2EqHx5wMN7popYjpc8oTjC1y16DLg=="
      },
      "fsharp.formatting.common": {
        "type": "Project",
        "dependencies": {
          "FSharp.Compiler.Service": "[43.7.400, 43.7.400]",
          "FSharp.Core": "[7.0.400, 7.0.400]"
        }
      },
      "fsharp.formatting.markdown": {
        "type": "Project",
        "dependencies": {
          "FSharp.Core": "[7.0.400, 7.0.400]",
          "FSharp.Formatting.Common": "[18.1.1, )"
        }
      },
      "FSharp.Compiler.Service": {
        "type": "CentralTransitive",
        "requested": "[43.7.400, 43.7.400]",
        "resolved": "43.7.400",
        "contentHash": "lg3iNkZMvuj9hOxSJ0TM1/ntcFDPRQgr1+e4bLj/avNX3FkpUtPrzCRNRpy0VP8UCNa362al5NGkVWiihxjeUQ==",
        "dependencies": {
          "FSharp.Core": "[7.0.400]",
          "System.Buffers": "4.5.1",
          "System.Collections.Immutable": "7.0.0",
          "System.Diagnostics.DiagnosticSource": "7.0.2",
          "System.Memory": "4.5.5",
          "System.Reflection.Emit": "4.7.0",
          "System.Reflection.Metadata": "7.0.0",
          "System.Runtime.CompilerServices.Unsafe": "6.0.0"
        }
      },
      "Newtonsoft.Json": {
        "type": "CentralTransitive",
        "requested": "[13.0.3, )",
        "resolved": "13.0.1",
        "contentHash": "ppPFpBcvxdsfUonNcvITKqLl3bqxWbDCZIzDWHzjpdAHRFfZe0Dw9HmA0+za13IdyrgJwpkDTDA9fHaxOrt20A=="
      },
      "System.Memory": {
        "type": "CentralTransitive",
        "requested": "[4.5.5, )",
        "resolved": "4.5.5",
        "contentHash": "XIWiDvKPXaTveaB7HVganDlOCRoj03l+jrwNvcge/t8vhGYKvqV+dMv6G4SAX2NoNmN0wZfVPTAlFwZcZvVOUw=="
      }
    }
  }
}