{
  "version": 2,
  "dependencies": {
    ".NETStandard,Version=v2.1": {
      "creflib1": {
        "type": "Project",
        "dependencies": {
          "FSharp.Core": "[7.0.400, 7.0.400]"
        }
      },
      "creflib2": {
        "type": "Project",
        "dependencies": {
          "FSharp.Core": "[7.0.400, 7.0.400]",
          "crefLib1": "[18.1.1, )"
        }
      },
      "creflib3": {
        "type": "Project"
      },
      "FSharp.Core": {
        "type": "CentralTransitive",
        "requested": "[7.0.400, 7.0.400]",
        "resolved": "7.0.400",
        "contentHash": "kJQ7TBQqd1d2VoODSgwFSAaApaBN0Fuu8mZt2XExmd3UzUxLjUsMn5Y5XhpsUWdnxOL8amp7VFg7cwhPllR4Qw=="
      }
    }
  }
}