{
  "version": 2,
  "dependencies": {
    "net7.0": {
      "FSharp.Core": {
        "type": "Direct",
        "requested": "[8.0.100-beta.23455.5, 8.0.100-beta.23455.5]",
        "resolved": "8.0.100-beta.23455.5",
        "contentHash": "Mh4z3CYGP224ExJmDSd/SMd4SVVwtl+m83L8Cfx+BU/m7P2E3r0cF6zW3PpzJUFOJAo/wYGdj4gM3chNzlk6ow=="
      },
      "FsUnit": {
        "type": "Direct",
        "requested": "[5.4.0, )",
        "resolved": "5.4.0",
        "contentHash": "dOF9gvL2btGy06QmqysH20sw8huShNHY3RK9qQZlcaTxXb9bHHT0eC8kjmmcqj8sgtQ5lcRFNUlnLkkNq60N/g==",
        "dependencies": {
          "FSharp.Core": "5.0.2",
          "NUnit": "[3.13.3, 3.14.0)"
        }
      },
      "Microsoft.NET.Test.Sdk": {
        "type": "Direct",
        "requested": "[17.7.2, )",
        "resolved": "17.7.2",
        "contentHash": "WOSF/GUYcnrLGkdvCbXDRig2rShtBwfQc5l7IxQE6PZI3CeXAqF1SpyzwlGA5vw+MdEAXs3niy+ZkGBBWna6tw==",
        "dependencies": {
          "Microsoft.CodeCoverage": "17.7.2",
          "Microsoft.TestPlatform.TestHost": "17.7.2"
        }
      },
      "NUnit": {
        "type": "Direct",
        "requested": "[3.13.3, )",
        "resolved": "3.13.3",
        "contentHash": "KNPDpls6EfHwC3+nnA67fh5wpxeLb3VLFAfLxrug6JMYDLHH6InaQIWR7Sc3y75d/9IKzMksH/gi08W7XWbmnQ==",
        "dependencies": {
          "NETStandard.Library": "2.0.0"
        }
      },
      "NUnit3TestAdapter": {
        "type": "Direct",
        "requested": "[4.5.0, )",
        "resolved": "4.5.0",
        "contentHash": "s8JpqTe9bI2f49Pfr3dFRfoVSuFQyraTj68c3XXjIS/MRGvvkLnrg6RLqnTjdShX+AdFUCCU/4Xex58AdUfs6A=="
      },
      "Microsoft.Build": {
        "type": "Transitive",
        "resolved": "17.2.0",
        "contentHash": "Rpf+7b8WHcgkrEQnGcV8FiAIl15ZC7Oit4t213fMoRdJb8SUYKdB71ZzWFaV5f9glN3y+R4cxRDY0dkwaIpwYw==",
        "dependencies": {
          "Microsoft.Build.Framework": "17.2.0",
          "Microsoft.NET.StringTools": "1.0.0",
          "Microsoft.Win32.Registry": "4.3.0",
          "System.Collections.Immutable": "5.0.0",
          "System.Configuration.ConfigurationManager": "4.7.0",
          "System.Reflection.Metadata": "1.6.0",
          "System.Security.Principal.Windows": "4.7.0",
          "System.Text.Encoding.CodePages": "4.0.1",
          "System.Text.Json": "6.0.0",
          "System.Threading.Tasks.Dataflow": "6.0.0"
        }
      },
      "Microsoft.Build.Framework": {
        "type": "Transitive",
        "resolved": "17.2.0",
        "contentHash": "5MtMF6vZeK8Nq6r9GctGpfiBa+r5+pTCnZJp8Bi6C74TysWl5ri6vmuLbsYhzvXqTPbnvDxCpKAI90z3m4m5mw==",
        "dependencies": {
          "Microsoft.Win32.Registry": "4.3.0",
          "System.Security.Permissions": "4.7.0"
        }
      },
      "Microsoft.CodeCoverage": {
        "type": "Transitive",
        "resolved": "17.7.2",
        "contentHash": "ntbkwIqwszkfCRjxVZOyEQiHauiYsY9NtYjw9ASsoxDSiG8YtV6AGcOAwrAk3TZv2UOq4MrpX+3MYEeMHSb03w=="
      },
      "Microsoft.NET.StringTools": {
        "type": "Transitive",
        "resolved": "1.0.0",
        "contentHash": "ZYVcoDM0LnSyT5nWoRGfShYdOecCw2sOXWwP6j1Z0u48Xq3+BVvZ+EiPCX9/8Gz439giW+O1H1kWF9Eb/w6rVg==",
        "dependencies": {
          "System.Memory": "4.5.4",
          "System.Runtime.CompilerServices.Unsafe": "5.0.0"
        }
      },
      "Microsoft.NETCore.Platforms": {
        "type": "Transitive",
        "resolved": "3.1.0",
        "contentHash": "z7aeg8oHln2CuNulfhiLYxCVMPEwBl3rzicjvIX+4sUuCwvXw5oXQEtbiU2c0z4qYL5L3Kmx0mMA/+t/SbY67w=="
      },
      "Microsoft.NETCore.Targets": {
        "type": "Transitive",
        "resolved": "1.1.0",
        "contentHash": "aOZA3BWfz9RXjpzt0sRJJMjAscAUm3Hoa4UWAfceV9UTYxgwZ1lZt5nO2myFf+/jetYQo4uTP7zS8sJY67BBxg=="
      },
      "Microsoft.TestPlatform.ObjectModel": {
        "type": "Transitive",
        "resolved": "17.7.2",
        "contentHash": "aHzQWgDMVBnk39HhQVmn06w+YxzF1h2V5/M4WgrNQAn7q97GR4Si3vLRTDlmJo9nK/Nknce+H4tXx4gqOKyLeg==",
        "dependencies": {
          "NuGet.Frameworks": "6.5.0",
          "System.Reflection.Metadata": "1.6.0"
        }
      },
      "Microsoft.TestPlatform.TestHost": {
        "type": "Transitive",
        "resolved": "17.7.2",
        "contentHash": "pv9yVD7IKPLJV28zYjLsWFiM3j506I2ye+6NquG8vsbm/gR7lgyig8IgY6Vo57VMvGaAKwtUECzcj+C5tH271Q==",
        "dependencies": {
          "Microsoft.TestPlatform.ObjectModel": "17.7.2",
          "Newtonsoft.Json": "13.0.1"
        }
      },
      "Microsoft.Win32.Registry": {
        "type": "Transitive",
        "resolved": "4.3.0",
        "contentHash": "Lw1/VwLH1yxz6SfFEjVRCN0pnflLEsWgnV4qsdJ512/HhTwnKXUG+zDQ4yTO3K/EJQemGoNaBHX5InISNKTzUQ==",
        "dependencies": {
          "Microsoft.NETCore.Platforms": "1.1.0",
          "System.Collections": "4.3.0",
          "System.Globalization": "4.3.0",
          "System.Resources.ResourceManager": "4.3.0",
          "System.Runtime": "4.3.0",
          "System.Runtime.Extensions": "4.3.0",
          "System.Runtime.Handles": "4.3.0",
          "System.Runtime.InteropServices": "4.3.0"
        }
      },
      "Microsoft.Win32.SystemEvents": {
        "type": "Transitive",
        "resolved": "4.7.0",
        "contentHash": "mtVirZr++rq+XCDITMUdnETD59XoeMxSpLRIII7JRI6Yj0LEDiO1pPn0ktlnIj12Ix8bfvQqQDMMIF9wC98oCA==",
        "dependencies": {
          "Microsoft.NETCore.Platforms": "3.1.0"
        }
      },
      "NETStandard.Library": {
        "type": "Transitive",
        "resolved": "2.0.0",
        "contentHash": "7jnbRU+L08FXKMxqUflxEXtVymWvNOrS8yHgu9s6EM8Anr6T/wIX4nZ08j/u3Asz+tCufp3YVwFSEvFTPYmBPA==",
        "dependencies": {
          "Microsoft.NETCore.Platforms": "1.1.0"
        }
      },
      "NuGet.Frameworks": {
        "type": "Transitive",
        "resolved": "6.5.0",
        "contentHash": "QWINE2x3MbTODsWT1Gh71GaGb5icBz4chS8VYvTgsBnsi8esgN6wtHhydd7fvToWECYGq7T4cgBBDiKD/363fg=="
      },
      "SemanticVersioning": {
        "type": "Transitive",
        "resolved": "2.0.2",
        "contentHash": "4EQgYdNZ92SyaO7YFk6olVnebF5V+jrHyMUjvPq89tLeMo8NSfgDF+6Zwq/lgh9j/0yfQp9Lkm0ZA0rUATCZFA=="
      },
      "System.Collections": {
        "type": "Transitive",
        "resolved": "4.3.0",
        "contentHash": "3Dcj85/TBdVpL5Zr+gEEBUuFe2icOnLalmEh9hfck1PTYbbyWuZgh4fmm2ysCLTrqLQw6t3TgTyJ+VLp+Qb+Lw==",
        "dependencies": {
          "Microsoft.NETCore.Platforms": "1.1.0",
          "Microsoft.NETCore.Targets": "1.1.0",
          "System.Runtime": "4.3.0"
        }
      },
      "System.Collections.Immutable": {
        "type": "Transitive",
        "resolved": "5.0.0",
        "contentHash": "FXkLXiK0sVVewcso0imKQoOxjoPAj42R8HtjjbSjVPAzwDfzoyoznWxgA3c38LDbN9SJux1xXoXYAhz98j7r2g=="
      },
      "System.Configuration.ConfigurationManager": {
        "type": "Transitive",
        "resolved": "4.7.0",
        "contentHash": "/anOTeSZCNNI2zDilogWrZ8pNqCmYbzGNexUnNhjW8k0sHqEZ2nHJBp147jBV3hGYswu5lINpNg1vxR7bnqvVA==",
        "dependencies": {
          "System.Security.Cryptography.ProtectedData": "4.7.0",
          "System.Security.Permissions": "4.7.0"
        }
      },
      "System.Drawing.Common": {
        "type": "Transitive",
        "resolved": "4.7.0",
        "contentHash": "v+XbyYHaZjDfn0ENmJEV1VYLgGgCTx1gnfOBcppowbpOAriglYgGCvFCPr2EEZyBvXlpxbEsTwkOlInl107ahA==",
        "dependencies": {
          "Microsoft.NETCore.Platforms": "3.1.0",
          "Microsoft.Win32.SystemEvents": "4.7.0"
        }
      },
      "System.Globalization": {
        "type": "Transitive",
        "resolved": "4.3.0",
        "contentHash": "kYdVd2f2PAdFGblzFswE4hkNANJBKRmsfa2X5LG2AcWE1c7/4t0pYae1L8vfZ5xvE2nK/R9JprtToA61OSHWIg==",
        "dependencies": {
          "Microsoft.NETCore.Platforms": "1.1.0",
          "Microsoft.NETCore.Targets": "1.1.0",
          "System.Runtime": "4.3.0"
        }
      },
      "System.IO": {
        "type": "Transitive",
        "resolved": "4.3.0",
        "contentHash": "3qjaHvxQPDpSOYICjUoTsmoq5u6QJAFRUITgeT/4gqkF1bajbSmb1kwSxEA8AHlofqgcKJcM8udgieRNhaJ5Cg==",
        "dependencies": {
          "Microsoft.NETCore.Platforms": "1.1.0",
          "Microsoft.NETCore.Targets": "1.1.0",
          "System.Runtime": "4.3.0",
          "System.Text.Encoding": "4.3.0",
          "System.Threading.Tasks": "4.3.0"
        }
      },
      "System.Reflection": {
        "type": "Transitive",
        "resolved": "4.3.0",
        "contentHash": "KMiAFoW7MfJGa9nDFNcfu+FpEdiHpWgTcS2HdMpDvt9saK3y/G4GwprPyzqjFH9NTaGPQeWNHU+iDlDILj96aQ==",
        "dependencies": {
          "Microsoft.NETCore.Platforms": "1.1.0",
          "Microsoft.NETCore.Targets": "1.1.0",
          "System.IO": "4.3.0",
          "System.Reflection.Primitives": "4.3.0",
          "System.Runtime": "4.3.0"
        }
      },
      "System.Reflection.Metadata": {
        "type": "Transitive",
        "resolved": "1.6.0",
        "contentHash": "COC1aiAJjCoA5GBF+QKL2uLqEBew4JsCkQmoHKbN3TlOZKa2fKLz5CpiRQKDz0RsAOEGsVKqOD5bomsXq/4STQ=="
      },
      "System.Reflection.Primitives": {
        "type": "Transitive",
        "resolved": "4.3.0",
        "contentHash": "5RXItQz5As4xN2/YUDxdpsEkMhvw3e6aNveFXUn4Hl/udNTCNhnKp8lT9fnc3MhvGKh1baak5CovpuQUXHAlIA==",
        "dependencies": {
          "Microsoft.NETCore.Platforms": "1.1.0",
          "Microsoft.NETCore.Targets": "1.1.0",
          "System.Runtime": "4.3.0"
        }
      },
      "System.Resources.ResourceManager": {
        "type": "Transitive",
        "resolved": "4.3.0",
        "contentHash": "/zrcPkkWdZmI4F92gL/TPumP98AVDu/Wxr3CSJGQQ+XN6wbRZcyfSKVoPo17ilb3iOr0cCRqJInGwNMolqhS8A==",
        "dependencies": {
          "Microsoft.NETCore.Platforms": "1.1.0",
          "Microsoft.NETCore.Targets": "1.1.0",
          "System.Globalization": "4.3.0",
          "System.Reflection": "4.3.0",
          "System.Runtime": "4.3.0"
        }
      },
      "System.Runtime": {
        "type": "Transitive",
        "resolved": "4.3.0",
        "contentHash": "JufQi0vPQ0xGnAczR13AUFglDyVYt4Kqnz1AZaiKZ5+GICq0/1MH/mO/eAJHt/mHW1zjKBJd7kV26SrxddAhiw==",
        "dependencies": {
          "Microsoft.NETCore.Platforms": "1.1.0",
          "Microsoft.NETCore.Targets": "1.1.0"
        }
      },
      "System.Runtime.CompilerServices.Unsafe": {
        "type": "Transitive",
        "resolved": "6.0.0",
        "contentHash": "/iUeP3tq1S0XdNNoMz5C9twLSrM/TH+qElHkXWaPvuNOt+99G75NrV0OS2EqHx5wMN7popYjpc8oTjC1y16DLg=="
      },
      "System.Runtime.Extensions": {
        "type": "Transitive",
        "resolved": "4.3.0",
        "contentHash": "guW0uK0fn5fcJJ1tJVXYd7/1h5F+pea1r7FLSOz/f8vPEqbR2ZAknuRDvTQ8PzAilDveOxNjSfr0CHfIQfFk8g==",
        "dependencies": {
          "Microsoft.NETCore.Platforms": "1.1.0",
          "Microsoft.NETCore.Targets": "1.1.0",
          "System.Runtime": "4.3.0"
        }
      },
      "System.Runtime.Handles": {
        "type": "Transitive",
        "resolved": "4.3.0",
        "contentHash": "OKiSUN7DmTWeYb3l51A7EYaeNMnvxwE249YtZz7yooT4gOZhmTjIn48KgSsw2k2lYdLgTKNJw/ZIfSElwDRVgg==",
        "dependencies": {
          "Microsoft.NETCore.Platforms": "1.1.0",
          "Microsoft.NETCore.Targets": "1.1.0",
          "System.Runtime": "4.3.0"
        }
      },
      "System.Runtime.InteropServices": {
        "type": "Transitive",
        "resolved": "4.3.0",
        "contentHash": "uv1ynXqiMK8mp1GM3jDqPCFN66eJ5w5XNomaK2XD+TuCroNTLFGeZ+WCmBMcBDyTFKou3P6cR6J/QsaqDp7fGQ==",
        "dependencies": {
          "Microsoft.NETCore.Platforms": "1.1.0",
          "Microsoft.NETCore.Targets": "1.1.0",
          "System.Reflection": "4.3.0",
          "System.Reflection.Primitives": "4.3.0",
          "System.Runtime": "4.3.0",
          "System.Runtime.Handles": "4.3.0"
        }
      },
      "System.Security.AccessControl": {
        "type": "Transitive",
        "resolved": "4.7.0",
        "contentHash": "JECvTt5aFF3WT3gHpfofL2MNNP6v84sxtXxpqhLBCcDRzqsPBmHhQ6shv4DwwN2tRlzsUxtb3G9M3763rbXKDg==",
        "dependencies": {
          "Microsoft.NETCore.Platforms": "3.1.0",
          "System.Security.Principal.Windows": "4.7.0"
        }
      },
      "System.Security.Cryptography.ProtectedData": {
        "type": "Transitive",
        "resolved": "4.7.0",
        "contentHash": "ehYW0m9ptxpGWvE4zgqongBVWpSDU/JCFD4K7krxkQwSz/sFQjEXCUqpvencjy6DYDbn7Ig09R8GFffu8TtneQ=="
      },
      "System.Security.Permissions": {
        "type": "Transitive",
        "resolved": "4.7.0",
        "contentHash": "dkOV6YYVBnYRa15/yv004eCGRBVADXw8qRbbNiCn/XpdJSUXkkUeIvdvFHkvnko4CdKMqG8yRHC4ox83LSlMsQ==",
        "dependencies": {
          "System.Security.AccessControl": "4.7.0",
          "System.Windows.Extensions": "4.7.0"
        }
      },
      "System.Security.Principal.Windows": {
        "type": "Transitive",
        "resolved": "4.7.0",
        "contentHash": "ojD0PX0XhneCsUbAZVKdb7h/70vyYMDYs85lwEI+LngEONe/17A0cFaRFqZU+sOEidcVswYWikYOQ9PPfjlbtQ=="
      },
      "System.Text.Encoding": {
        "type": "Transitive",
        "resolved": "4.3.0",
        "contentHash": "BiIg+KWaSDOITze6jGQynxg64naAPtqGHBwDrLaCtixsa5bKiR8dpPOHA7ge3C0JJQizJE+sfkz1wV+BAKAYZw==",
        "dependencies": {
          "Microsoft.NETCore.Platforms": "1.1.0",
          "Microsoft.NETCore.Targets": "1.1.0",
          "System.Runtime": "4.3.0"
        }
      },
      "System.Text.Encoding.CodePages": {
        "type": "Transitive",
        "resolved": "4.0.1",
        "contentHash": "h4z6rrA/hxWf4655D18IIZ0eaLRa3tQC/j+e26W+VinIHY0l07iEXaAvO0YSYq3MvCjMYy8Zs5AdC1sxNQOB7Q==",
        "dependencies": {
          "Microsoft.NETCore.Platforms": "1.0.1",
          "System.Collections": "4.0.11",
          "System.Globalization": "4.0.11",
          "System.IO": "4.1.0",
          "System.Reflection": "4.1.0",
          "System.Resources.ResourceManager": "4.0.1",
          "System.Runtime": "4.1.0",
          "System.Runtime.Extensions": "4.1.0",
          "System.Runtime.Handles": "4.0.1",
          "System.Runtime.InteropServices": "4.1.0",
          "System.Text.Encoding": "4.0.11",
          "System.Threading": "4.0.11"
        }
      },
      "System.Text.Encodings.Web": {
        "type": "Transitive",
        "resolved": "6.0.0",
        "contentHash": "Vg8eB5Tawm1IFqj4TVK1czJX89rhFxJo9ELqc/Eiq0eXy13RK00eubyU6TJE6y+GQXjyV5gSfiewDUZjQgSE0w==",
        "dependencies": {
          "System.Runtime.CompilerServices.Unsafe": "6.0.0"
        }
      },
      "System.Text.Json": {
        "type": "Transitive",
        "resolved": "6.0.0",
        "contentHash": "zaJsHfESQvJ11vbXnNlkrR46IaMULk/gHxYsJphzSF+07kTjPHv+Oc14w6QEOfo3Q4hqLJgStUaYB9DBl0TmWg==",
        "dependencies": {
          "System.Runtime.CompilerServices.Unsafe": "6.0.0",
          "System.Text.Encodings.Web": "6.0.0"
        }
      },
      "System.Threading": {
        "type": "Transitive",
        "resolved": "4.0.11",
        "contentHash": "N+3xqIcg3VDKyjwwCGaZ9HawG9aC6cSDI+s7ROma310GQo8vilFZa86hqKppwTHleR/G0sfOzhvgnUxWCR/DrQ==",
        "dependencies": {
          "System.Runtime": "4.1.0",
          "System.Threading.Tasks": "4.0.11"
        }
      },
      "System.Threading.Tasks": {
        "type": "Transitive",
        "resolved": "4.3.0",
        "contentHash": "LbSxKEdOUhVe8BezB/9uOGGppt+nZf6e1VFyw6v3DN6lqitm0OSn2uXMOdtP0M3W4iMcqcivm2J6UgqiwwnXiA==",
        "dependencies": {
          "Microsoft.NETCore.Platforms": "1.1.0",
          "Microsoft.NETCore.Targets": "1.1.0",
          "System.Runtime": "4.3.0"
        }
      },
      "System.Threading.Tasks.Dataflow": {
        "type": "Transitive",
        "resolved": "6.0.0",
        "contentHash": "+tyDCU3/B1lDdOOAJywHQoFwyXIUghIaP2BxG79uvhfTnO+D9qIgjVlL/JV2NTliYbMHpd6eKDmHp2VHpij7MA=="
      },
      "System.Windows.Extensions": {
        "type": "Transitive",
        "resolved": "4.7.0",
        "contentHash": "CeWTdRNfRaSh0pm2gDTJFwVaXfTq6Xwv/sA887iwPTneW7oMtMlpvDIO+U60+3GWTB7Aom6oQwv5VZVUhQRdPQ==",
        "dependencies": {
          "System.Drawing.Common": "4.7.0"
        }
      },
      "fsdocs-tool": {
        "type": "Project",
        "dependencies": {
          "CommandLineParser": "[2.9.1, )",
          "FSharp.Core": "[8.0.100-beta.23455.5, 8.0.100-beta.23455.5]",
          "FSharp.Formatting.ApiDocs": "[19.0.0, )",
          "FSharp.Formatting.CSharpFormat": "[19.0.0, )",
          "FSharp.Formatting.CodeFormat": "[19.0.0, )",
          "FSharp.Formatting.Common": "[19.0.0, )",
          "FSharp.Formatting.Literate": "[19.0.0, )",
          "FSharp.Formatting.Markdown": "[19.0.0, )",
          "Ionide.ProjInfo": "[0.62.0, )",
          "Ionide.ProjInfo.Sln": "[0.62.0, )",
          "Suave": "[2.6.2, )"
        }
      },
      "fsharp.formatting.apidocs": {
        "type": "Project",
        "dependencies": {
          "FSharp.Compiler.Service": "[43.8.100-preview.23454.4, 43.8.100-preview.23454.4]",
          "FSharp.Core": "[8.0.100-beta.23455.5, 8.0.100-beta.23455.5]",
          "FSharp.Formatting.CodeFormat": "[19.0.0, )",
          "FSharp.Formatting.Common": "[19.0.0, )",
          "FSharp.Formatting.Literate": "[19.0.0, )",
          "FSharp.Formatting.Markdown": "[19.0.0, )"
        }
      },
      "fsharp.formatting.codeformat": {
        "type": "Project",
        "dependencies": {
          "FSharp.Compiler.Service": "[43.8.100-preview.23454.4, 43.8.100-preview.23454.4]",
          "FSharp.Core": "[8.0.100-beta.23455.5, 8.0.100-beta.23455.5]",
          "FSharp.Formatting.Common": "[19.0.0, )"
        }
      },
      "fsharp.formatting.common": {
        "type": "Project",
        "dependencies": {
          "FSharp.Compiler.Service": "[43.8.100-preview.23454.4, 43.8.100-preview.23454.4]",
          "FSharp.Core": "[8.0.100-beta.23455.5, 8.0.100-beta.23455.5]"
        }
      },
      "fsharp.formatting.csharpformat": {
        "type": "Project"
      },
      "fsharp.formatting.literate": {
        "type": "Project",
        "dependencies": {
          "FSharp.Compiler.Service": "[43.8.100-preview.23454.4, 43.8.100-preview.23454.4]",
          "FSharp.Core": "[8.0.100-beta.23455.5, 8.0.100-beta.23455.5]"
        }
      },
      "fsharp.formatting.markdown": {
        "type": "Project",
        "dependencies": {
          "FSharp.Core": "[8.0.100-beta.23455.5, 8.0.100-beta.23455.5]",
          "FSharp.Formatting.Common": "[19.0.0, )"
        }
      },
      "fsharp.formatting.testhelpers": {
        "type": "Project",
        "dependencies": {
          "FSharp.Core": "[8.0.100-beta.23455.5, 8.0.100-beta.23455.5]",
          "FSharp.Formatting.Common": "[19.0.0, )"
        }
      },
      "CommandLineParser": {
        "type": "CentralTransitive",
        "requested": "[2.9.1, )",
        "resolved": "2.9.1",
        "contentHash": "OE0sl1/sQ37bjVsPKKtwQlWDgqaxWgtme3xZz7JssWUzg5JpMIyHgCTY9MVMxOg48fJ1AgGT3tgdH5m/kQ5xhA=="
      },
      "Ionide.ProjInfo": {
        "type": "CentralTransitive",
        "requested": "[0.62.0, )",
        "resolved": "0.62.0",
        "contentHash": "cr2u/gUY2qsRzC6Lq/JCJFbbzhPtjktTrm7idaPixuGg0tNytE+rZ1YXUaTDhWWNr7I4CkUz3qtpMS6NxMpH4g==",
        "dependencies": {
          "FSharp.Core": "7.0.400",
          "Ionide.ProjInfo.Sln": "0.62.0",
          "Microsoft.Build": "17.2.0",
          "Microsoft.Build.Framework": "17.2.0",
          "SemanticVersioning": "2.0.2"
        }
      },
      "Ionide.ProjInfo.Sln": {
        "type": "CentralTransitive",
        "requested": "[0.62.0, )",
        "resolved": "0.62.0",
        "contentHash": "gKFts9WmiK4x7FCBPMesLXMkVUXTs9tL3VRY4nHNhabIa2pi7+POeXTQJ/NjjE4+ksJ8ygaUkgkPEjZ8gaoE7g=="
      },
      "Newtonsoft.Json": {
        "type": "CentralTransitive",
        "requested": "[13.0.3, )",
        "resolved": "13.0.1",
        "contentHash": "ppPFpBcvxdsfUonNcvITKqLl3bqxWbDCZIzDWHzjpdAHRFfZe0Dw9HmA0+za13IdyrgJwpkDTDA9fHaxOrt20A=="
      },
      "Suave": {
        "type": "CentralTransitive",
        "requested": "[2.6.2, )",
        "resolved": "2.6.2",
        "contentHash": "JNTsgb3FrFnvsp7G93Y9XLIGVa47fG4GZ8un/+/iMMVBTRWl8l6Rlnqjo/PsQP6NojtkrLEM4SLz9AhfQIPNag==",
        "dependencies": {
          "FSharp.Core": "0.0.0"
        }
      },
      "System.Memory": {
        "type": "CentralTransitive",
        "requested": "[4.5.5, )",
        "resolved": "4.5.4",
        "contentHash": "1MbJTHS1lZ4bS4FmsJjnuGJOu88ZzTT2rLvrhW7Ygic+pC0NWA+3hgAen0HRdsocuQXCkUTdFn9yHJJhsijDXw=="
      }
    }
  }
}