
Microsoft Visual Studio Solution File, Format Version 11.00
# Visual Studio 2010
Project("{F2A71F9B-5D33-465A-A702-920D77279786}") = "FSharp.Markdown", "FSharp.Markdown\FSharp.Markdown.fsproj", "{C44C1C05-599A-40DD-9590-465EAB8960C5}"
EndProject
Project("{F2A71F9B-5D33-465A-A702-920D77279786}") = "FSharp.Markdown.Tests", "FSharp.Markdown.Tests\FSharp.Markdown.Tests.fsproj", "{07DE4905-050C-4378-A039-F1EF7E1F309D}"
EndProject
Project("{F2A71F9B-5D33-465A-A702-920D77279786}") = "FSharp.CodeFormat", "FSharp.CodeFormat\FSharp.CodeFormat.fsproj", "{341EBF32-D470-4C55-99E9-55F14F7FFBB1}"
EndProject
Project("{F2A71F9B-5D33-465A-A702-920D77279786}") = "FSharp.CodeFormat.Tests", "FSharp.CodeFormat.Tests\FSharp.CodeFormat.Tests.fsproj", "{5DEBD769-D86E-4E14-ABF1-373CA91BFAA2}"
EndProject
Project("{2150E333-8FDC-42A3-9474-1A3956D46DE8}") = "FSharpX", "FSharpX", "{9371E533-7F81-4F20-A409-1F146F0D91EC}"
	ProjectSection(SolutionItems) = preProject
		FSharpX\Collections.fs = FSharpX\Collections.fs
		FSharpX\StringParsing.fs = FSharpX\StringParsing.fs
	EndProjectSection
EndProject
Project("{2150E333-8FDC-42A3-9474-1A3956D46DE8}") = "Documentation", "Documentation", "{4B40DB37-B3D8-4C44-9563-39CF34B4E149}"
	ProjectSection(SolutionItems) = preProject
		..\docs\codeformat.fsx = ..\docs\codeformat.fsx
		..\docs\demo.fsx = ..\docs\demo.fsx
		..\docs\index.md = ..\docs\index.md
		..\docs\markdown.fsx = ..\docs\markdown.fsx
	EndProjectSection
EndProject
Global
	GlobalSection(SolutionConfigurationPlatforms) = preSolution
		Debug|Any CPU = Debug|Any CPU
		Debug|x86 = Debug|x86
		Release|Any CPU = Release|Any CPU
		Release|x86 = Release|x86
	EndGlobalSection
	GlobalSection(ProjectConfigurationPlatforms) = postSolution
		{C44C1C05-599A-40DD-9590-465EAB8960C5}.Debug|Any CPU.ActiveCfg = Debug|Any CPU
		{C44C1C05-599A-40DD-9590-465EAB8960C5}.Debug|Any CPU.Build.0 = Debug|Any CPU
		{C44C1C05-599A-40DD-9590-465EAB8960C5}.Debug|x86.ActiveCfg = Debug|x86
		{C44C1C05-599A-40DD-9590-465EAB8960C5}.Debug|x86.Build.0 = Debug|x86
		{C44C1C05-599A-40DD-9590-465EAB8960C5}.Release|Any CPU.ActiveCfg = Release|Any CPU
		{C44C1C05-599A-40DD-9590-465EAB8960C5}.Release|Any CPU.Build.0 = Release|Any CPU
		{C44C1C05-599A-40DD-9590-465EAB8960C5}.Release|x86.ActiveCfg = Release|x86
		{C44C1C05-599A-40DD-9590-465EAB8960C5}.Release|x86.Build.0 = Release|x86
		{07DE4905-050C-4378-A039-F1EF7E1F309D}.Debug|Any CPU.ActiveCfg = Debug|Any CPU
		{07DE4905-050C-4378-A039-F1EF7E1F309D}.Debug|Any CPU.Build.0 = Debug|Any CPU
		{07DE4905-050C-4378-A039-F1EF7E1F309D}.Debug|x86.ActiveCfg = Debug|x86
		{07DE4905-050C-4378-A039-F1EF7E1F309D}.Debug|x86.Build.0 = Debug|x86
		{07DE4905-050C-4378-A039-F1EF7E1F309D}.Release|Any CPU.ActiveCfg = Release|Any CPU
		{07DE4905-050C-4378-A039-F1EF7E1F309D}.Release|Any CPU.Build.0 = Release|Any CPU
		{07DE4905-050C-4378-A039-F1EF7E1F309D}.Release|x86.ActiveCfg = Release|x86
		{07DE4905-050C-4378-A039-F1EF7E1F309D}.Release|x86.Build.0 = Release|x86
		{341EBF32-D470-4C55-99E9-55F14F7FFBB1}.Debug|Any CPU.ActiveCfg = Debug|Any CPU
		{341EBF32-D470-4C55-99E9-55F14F7FFBB1}.Debug|Any CPU.Build.0 = Debug|Any CPU
		{341EBF32-D470-4C55-99E9-55F14F7FFBB1}.Debug|x86.ActiveCfg = Debug|x86
		{341EBF32-D470-4C55-99E9-55F14F7FFBB1}.Debug|x86.Build.0 = Debug|x86
		{341EBF32-D470-4C55-99E9-55F14F7FFBB1}.Release|Any CPU.ActiveCfg = Release|Any CPU
		{341EBF32-D470-4C55-99E9-55F14F7FFBB1}.Release|Any CPU.Build.0 = Release|Any CPU
		{341EBF32-D470-4C55-99E9-55F14F7FFBB1}.Release|x86.ActiveCfg = Release|x86
		{341EBF32-D470-4C55-99E9-55F14F7FFBB1}.Release|x86.Build.0 = Release|x86
		{5DEBD769-D86E-4E14-ABF1-373CA91BFAA2}.Debug|Any CPU.ActiveCfg = Debug|Any CPU
		{5DEBD769-D86E-4E14-ABF1-373CA91BFAA2}.Debug|Any CPU.Build.0 = Debug|Any CPU
		{5DEBD769-D86E-4E14-ABF1-373CA91BFAA2}.Debug|x86.ActiveCfg = Debug|x86
		{5DEBD769-D86E-4E14-ABF1-373CA91BFAA2}.Debug|x86.Build.0 = Debug|x86
		{5DEBD769-D86E-4E14-ABF1-373CA91BFAA2}.Release|Any CPU.ActiveCfg = Release|Any CPU
		{5DEBD769-D86E-4E14-ABF1-373CA91BFAA2}.Release|Any CPU.Build.0 = Release|Any CPU
		{5DEBD769-D86E-4E14-ABF1-373CA91BFAA2}.Release|x86.ActiveCfg = Release|x86
		{5DEBD769-D86E-4E14-ABF1-373CA91BFAA2}.Release|x86.Build.0 = Release|x86
	EndGlobalSection
	GlobalSection(SolutionProperties) = preSolution
		HideSolutionNode = FALSE
	EndGlobalSection
EndGlobal
